// !$*UTF8*$!
{
	archiveVersion = 1;
	classes = {
	};
	objectVersion = 50;
	objects = {

/* Begin PBXBuildFile section */
		0F53A691237DEEB6007FF287 /* SnapWordsCollectionViewController.swift in Sources */ = {isa = PBXBuildFile; fileRef = 0F53A690237DEEB6007FF287 /* SnapWordsCollectionViewController.swift */; };
		9E29D11E23707A4D005AD407 /* AppDelegate.swift in Sources */ = {isa = PBXBuildFile; fileRef = 9E29D11D23707A4D005AD407 /* AppDelegate.swift */; };
		9E29D12023707A4D005AD407 /* ViewController.swift in Sources */ = {isa = PBXBuildFile; fileRef = 9E29D11F23707A4D005AD407 /* ViewController.swift */; };
		9E29D12323707A4D005AD407 /* Main.storyboard in Resources */ = {isa = PBXBuildFile; fileRef = 9E29D12123707A4D005AD407 /* Main.storyboard */; };
		9E29D12523707A4E005AD407 /* Assets.xcassets in Resources */ = {isa = PBXBuildFile; fileRef = 9E29D12423707A4E005AD407 /* Assets.xcassets */; };
		9E29D12823707A4E005AD407 /* LaunchScreen.storyboard in Resources */ = {isa = PBXBuildFile; fileRef = 9E29D12623707A4E005AD407 /* LaunchScreen.storyboard */; settings = {ASSET_TAGS = (aboutView, ); }; };
		9E29D13323707A4E005AD407 /* Kindergarten_Snap_WordsTests.swift in Sources */ = {isa = PBXBuildFile; fileRef = 9E29D13223707A4E005AD407 /* Kindergarten_Snap_WordsTests.swift */; };
		9E29D13E23707A4E005AD407 /* Kindergarten_Snap_WordsUITests.swift in Sources */ = {isa = PBXBuildFile; fileRef = 9E29D13D23707A4E005AD407 /* Kindergarten_Snap_WordsUITests.swift */; };
		ED36856E23987583009C7C0C /* get.m4a in Resources */ = {isa = PBXBuildFile; fileRef = ED3684D82398756D009C7C0C /* get.m4a */; };
		ED36856F23987583009C7C0C /* has.m4a in Resources */ = {isa = PBXBuildFile; fileRef = ED3684D92398756D009C7C0C /* has.m4a */; };
		ED36857023987583009C7C0C /* over.m4a in Resources */ = {isa = PBXBuildFile; fileRef = ED3684DA2398756D009C7C0C /* over.m4a */; };
		ED36857123987583009C7C0C /* had.m4a in Resources */ = {isa = PBXBuildFile; fileRef = ED3684DB2398756D009C7C0C /* had.m4a */; };
		ED36857223987583009C7C0C /* off.m4a in Resources */ = {isa = PBXBuildFile; fileRef = ED3684DC2398756D009C7C0C /* off.m4a */; };
		ED36857323987583009C7C0C /* them.m4a in Resources */ = {isa = PBXBuildFile; fileRef = ED3684DD2398756D009C7C0C /* them.m4a */; };
		ED36857423987583009C7C0C /* at.m4a in Resources */ = {isa = PBXBuildFile; fileRef = ED3684DE2398756D009C7C0C /* at.m4a */; };
		ED36857523987583009C7C0C /* up.m4a in Resources */ = {isa = PBXBuildFile; fileRef = ED3684DF2398756D009C7C0C /* up.m4a */; };
		ED36857623987583009C7C0C /* by.m4a in Resources */ = {isa = PBXBuildFile; fileRef = ED3684E02398756D009C7C0C /* by.m4a */; };
		ED36857723987583009C7C0C /* give.m4a in Resources */ = {isa = PBXBuildFile; fileRef = ED3684E12398756D009C7C0C /* give.m4a */; };
		ED36857823987583009C7C0C /* after.m4a in Resources */ = {isa = PBXBuildFile; fileRef = ED3684E22398756D009C7C0C /* after.m4a */; };
		ED36857923987583009C7C0C /* were.m4a in Resources */ = {isa = PBXBuildFile; fileRef = ED3684E32398756D009C7C0C /* were.m4a */; };
		ED36857A23987583009C7C0C /* tell.m4a in Resources */ = {isa = PBXBuildFile; fileRef = ED3684E42398756D009C7C0C /* tell.m4a */; };
		ED36857B23987583009C7C0C /* make.m4a in Resources */ = {isa = PBXBuildFile; fileRef = ED3684E52398756D009C7C0C /* make.m4a */; };
		ED36857C23987583009C7C0C /* no.m4a in Resources */ = {isa = PBXBuildFile; fileRef = ED3684E62398756D009C7C0C /* no.m4a */; };
		ED36857D23987583009C7C0C /* then.m4a in Resources */ = {isa = PBXBuildFile; fileRef = ED3684E72398756D009C7C0C /* then.m4a */; };
		ED36857E23987583009C7C0C /* they.m4a in Resources */ = {isa = PBXBuildFile; fileRef = ED3684E82398756D009C7C0C /* they.m4a */; };
		ED36857F23987583009C7C0C /* going.m4a in Resources */ = {isa = PBXBuildFile; fileRef = ED3684E92398756D009C7C0C /* going.m4a */; };
		ED36858023987583009C7C0C /* ask.m4a in Resources */ = {isa = PBXBuildFile; fileRef = ED3684EA2398756D009C7C0C /* ask.m4a */; };
		ED36858123987583009C7C0C /* us.m4a in Resources */ = {isa = PBXBuildFile; fileRef = ED3684EB2398756D009C7C0C /* us.m4a */; };
		ED36858223987583009C7C0C /* look.m4a in Resources */ = {isa = PBXBuildFile; fileRef = ED3684EC2398756D009C7C0C /* look.m4a */; };
		ED36858323987583009C7C0C /* three.m4a in Resources */ = {isa = PBXBuildFile; fileRef = ED3684ED2398756D009C7C0C /* three.m4a */; };
		ED36858423987583009C7C0C /* away.m4a in Resources */ = {isa = PBXBuildFile; fileRef = ED3684EE2398756D009C7C0C /* away.m4a */; };
		ED36858523987583009C7C0C /* there.m4a in Resources */ = {isa = PBXBuildFile; fileRef = ED3684EF2398756D009C7C0C /* there.m4a */; };
		ED36858623987583009C7C0C /* you.m4a in Resources */ = {isa = PBXBuildFile; fileRef = ED3684F02398756D009C7C0C /* you.m4a */; };
		ED36858723987583009C7C0C /* on.m4a in Resources */ = {isa = PBXBuildFile; fileRef = ED3684F12398756D009C7C0C /* on.m4a */; };
		ED36858823987583009C7C0C /* stop.m4a in Resources */ = {isa = PBXBuildFile; fileRef = ED3684F22398756D009C7C0C /* stop.m4a */; };
		ED36858923987583009C7C0C /* jump.m4a in Resources */ = {isa = PBXBuildFile; fileRef = ED3684F32398756D009C7C0C /* jump.m4a */; };
		ED36858A23987583009C7C0C /* i.m4a in Resources */ = {isa = PBXBuildFile; fileRef = ED3684F42398756D009C7C0C /* i.m4a */; };
		ED36858B23987583009C7C0C /* as.m4a in Resources */ = {isa = PBXBuildFile; fileRef = ED3684F52398756D009C7C0C /* as.m4a */; };
		ED36858C23987583009C7C0C /* pretty.m4a in Resources */ = {isa = PBXBuildFile; fileRef = ED3684F62398756D009C7C0C /* pretty.m4a */; };
		ED36858D23987583009C7C0C /* for.m4a in Resources */ = {isa = PBXBuildFile; fileRef = ED3684F72398756D009C7C0C /* for.m4a */; };
		ED36858E23987583009C7C0C /* me.m4a in Resources */ = {isa = PBXBuildFile; fileRef = ED3684F82398756D009C7C0C /* me.m4a */; };
		ED36858F23987583009C7C0C /* little.m4a in Resources */ = {isa = PBXBuildFile; fileRef = ED3684F92398756D009C7C0C /* little.m4a */; };
		ED36859023987583009C7C0C /* saw.m4a in Resources */ = {isa = PBXBuildFile; fileRef = ED3684FA2398756D009C7C0C /* saw.m4a */; };
		ED36859123987583009C7C0C /* ten.m4a in Resources */ = {isa = PBXBuildFile; fileRef = ED3684FB2398756D009C7C0C /* ten.m4a */; };
		ED36859223987583009C7C0C /* work.m4a in Resources */ = {isa = PBXBuildFile; fileRef = ED3684FC2398756D009C7C0C /* work.m4a */; };
		ED36859323987583009C7C0C /* was.m4a in Resources */ = {isa = PBXBuildFile; fileRef = ED3684FD2398756D009C7C0C /* was.m4a */; };
		ED36859423987583009C7C0C /* before.m4a in Resources */ = {isa = PBXBuildFile; fileRef = ED3684FE2398756D009C7C0C /* before.m4a */; };
		ED36859523987583009C7C0C /* good.m4a in Resources */ = {isa = PBXBuildFile; fileRef = ED3684FF2398756D009C7C0C /* good.m4a */; };
		ED36859623987583009C7C0C /* big.m4a in Resources */ = {isa = PBXBuildFile; fileRef = ED3685002398756D009C7C0C /* big.m4a */; };
		ED36859723987583009C7C0C /* will.m4a in Resources */ = {isa = PBXBuildFile; fileRef = ED3685012398756D009C7C0C /* will.m4a */; };
		ED36859823987583009C7C0C /* from.m4a in Resources */ = {isa = PBXBuildFile; fileRef = ED3685022398756D009C7C0C /* from.m4a */; };
		ED36859923987583009C7C0C /* yes.m4a in Resources */ = {isa = PBXBuildFile; fileRef = ED3685032398756D009C7C0C /* yes.m4a */; };
		ED36859A23987583009C7C0C /* got.m4a in Resources */ = {isa = PBXBuildFile; fileRef = ED3685042398756D009C7C0C /* got.m4a */; };
		ED36859B23987583009C7C0C /* would.m4a in Resources */ = {isa = PBXBuildFile; fileRef = ED3685052398756D009C7C0C /* would.m4a */; };
		ED36859C23987583009C7C0C /* four.m4a in Resources */ = {isa = PBXBuildFile; fileRef = ED3685062398756D009C7C0C /* four.m4a */; };
		ED36859D23987583009C7C0C /* him.m4a in Resources */ = {isa = PBXBuildFile; fileRef = ED3685072398756D009C7C0C /* him.m4a */; };
		ED36859E23987583009C7C0C /* very.m4a in Resources */ = {isa = PBXBuildFile; fileRef = ED3685082398756D009C7C0C /* very.m4a */; };
		ED36859F23987583009C7C0C /* like.m4a in Resources */ = {isa = PBXBuildFile; fileRef = ED3685092398756D009C7C0C /* like.m4a */; };
		ED3685A023987583009C7C0C /* know.m4a in Resources */ = {isa = PBXBuildFile; fileRef = ED36850A2398756D009C7C0C /* know.m4a */; };
		ED3685A123987583009C7C0C /* put.m4a in Resources */ = {isa = PBXBuildFile; fileRef = ED36850B2398756D009C7C0C /* put.m4a */; };
		ED3685A223987583009C7C0C /* who.m4a in Resources */ = {isa = PBXBuildFile; fileRef = ED36850C2398756D009C7C0C /* who.m4a */; };
		ED3685A323987583009C7C0C /* two.m4a in Resources */ = {isa = PBXBuildFile; fileRef = ED36850D2398756D009C7C0C /* two.m4a */; };
		ED3685A423987583009C7C0C /* into.m4a in Resources */ = {isa = PBXBuildFile; fileRef = ED36850E2398756D009C7C0C /* into.m4a */; };
		ED3685A523987583009C7C0C /* do.m4a in Resources */ = {isa = PBXBuildFile; fileRef = ED36850F2398756D009C7C0C /* do.m4a */; };
		ED3685A623987583009C7C0C /* six.m4a in Resources */ = {isa = PBXBuildFile; fileRef = ED3685102398756D009C7C0C /* six.m4a */; };
		ED3685A723987583009C7C0C /* can.m4a in Resources */ = {isa = PBXBuildFile; fileRef = ED3685112398756D009C7C0C /* can.m4a */; };
		ED3685A823987583009C7C0C /* black.m4a in Resources */ = {isa = PBXBuildFile; fileRef = ED3685122398756D009C7C0C /* black.m4a */; };
		ED3685A923987583009C7C0C /* with.m4a in Resources */ = {isa = PBXBuildFile; fileRef = ED3685132398756D009C7C0C /* with.m4a */; };
		ED3685AA23987583009C7C0C /* why.m4a in Resources */ = {isa = PBXBuildFile; fileRef = ED3685142398756D009C7C0C /* why.m4a */; };
		ED3685AB23987583009C7C0C /* down.m4a in Resources */ = {isa = PBXBuildFile; fileRef = ED3685152398756D009C7C0C /* down.m4a */; };
		ED3685AC23987583009C7C0C /* blue.m4a in Resources */ = {isa = PBXBuildFile; fileRef = ED3685162398756D009C7C0C /* blue.m4a */; };
		ED3685AD23987583009C7C0C /* every.m4a in Resources */ = {isa = PBXBuildFile; fileRef = ED3685172398756D009C7C0C /* every.m4a */; };
		ED3685AE23987583009C7C0C /* just.m4a in Resources */ = {isa = PBXBuildFile; fileRef = ED3685182398756D009C7C0C /* just.m4a */; };
		ED3685AF23987583009C7C0C /* have.m4a in Resources */ = {isa = PBXBuildFile; fileRef = ED3685192398756D009C7C0C /* have.m4a */; };
		ED3685B023987583009C7C0C /* out.m4a in Resources */ = {isa = PBXBuildFile; fileRef = ED36851A2398756D009C7C0C /* out.m4a */; };
		ED3685B123987583009C7C0C /* because.m4a in Resources */ = {isa = PBXBuildFile; fileRef = ED36851B2398756D009C7C0C /* because.m4a */; };
		ED3685B223987583009C7C0C /* could.m4a in Resources */ = {isa = PBXBuildFile; fileRef = ED36851C2398756D009C7C0C /* could.m4a */; };
		ED3685B323987583009C7C0C /* yellow.m4a in Resources */ = {isa = PBXBuildFile; fileRef = ED36851D2398756D009C7C0C /* yellow.m4a */; };
		ED3685B423987583009C7C0C /* came.m4a in Resources */ = {isa = PBXBuildFile; fileRef = ED36851E2398756D009C7C0C /* came.m4a */; };
		ED3685B523987583009C7C0C /* all.m4a in Resources */ = {isa = PBXBuildFile; fileRef = ED36851F2398756D009C7C0C /* all.m4a */; };
		ED3685B623987583009C7C0C /* where.m4a in Resources */ = {isa = PBXBuildFile; fileRef = ED3685202398756D009C7C0C /* where.m4a */; };
		ED3685B723987583009C7C0C /* in.m4a in Resources */ = {isa = PBXBuildFile; fileRef = ED3685212398756D009C7C0C /* in.m4a */; };
		ED3685B823987583009C7C0C /* and.m4a in Resources */ = {isa = PBXBuildFile; fileRef = ED3685222398756D009C7C0C /* and.m4a */; };
		ED3685B923987583009C7C0C /* that.m4a in Resources */ = {isa = PBXBuildFile; fileRef = ED3685232398756D009C7C0C /* that.m4a */; };
		ED3685BA23987583009C7C0C /* too.m4a in Resources */ = {isa = PBXBuildFile; fileRef = ED3685242398756D009C7C0C /* too.m4a */; };
		ED3685BB23987583009C7C0C /* did.m4a in Resources */ = {isa = PBXBuildFile; fileRef = ED3685252398756D009C7C0C /* did.m4a */; };
		ED3685BC23987583009C7C0C /* goes.m4a in Resources */ = {isa = PBXBuildFile; fileRef = ED3685262398756D009C7C0C /* goes.m4a */; };
		ED3685BD23987583009C7C0C /* ran.m4a in Resources */ = {isa = PBXBuildFile; fileRef = ED3685272398756D009C7C0C /* ran.m4a */; };
		ED3685BE23987583009C7C0C /* eat.m4a in Resources */ = {isa = PBXBuildFile; fileRef = ED3685282398756D009C7C0C /* eat.m4a */; };
		ED3685BF23987583009C7C0C /* been.m4a in Resources */ = {isa = PBXBuildFile; fileRef = ED3685292398756D009C7C0C /* been.m4a */; };
		ED3685C023987583009C7C0C /* new.m4a in Resources */ = {isa = PBXBuildFile; fileRef = ED36852A2398756D009C7C0C /* new.m4a */; };
		ED3685C123987583009C7C0C /* take.m4a in Resources */ = {isa = PBXBuildFile; fileRef = ED36852B2398756D009C7C0C /* take.m4a */; };
		ED3685C223987583009C7C0C /* said.m4a in Resources */ = {isa = PBXBuildFile; fileRef = ED36852C2398756D009C7C0C /* said.m4a */; };
		ED3685C323987583009C7C0C /* his.m4a in Resources */ = {isa = PBXBuildFile; fileRef = ED36852D2398756D009C7C0C /* his.m4a */; };
		ED3685C423987583009C7C0C /* it.m4a in Resources */ = {isa = PBXBuildFile; fileRef = ED36852E2398756D009C7C0C /* it.m4a */; };
		ED3685C523987583009C7C0C /* your.m4a in Resources */ = {isa = PBXBuildFile; fileRef = ED36852F2398756D009C7C0C /* your.m4a */; };
		ED3685C623987583009C7C0C /* let.m4a in Resources */ = {isa = PBXBuildFile; fileRef = ED3685302398756D009C7C0C /* let.m4a */; };
		ED3685C723987583009C7C0C /* five.m4a in Resources */ = {isa = PBXBuildFile; fileRef = ED3685312398756D009C7C0C /* five.m4a */; };
		ED3685C823987583009C7C0C /* come.m4a in Resources */ = {isa = PBXBuildFile; fileRef = ED3685322398756D009C7C0C /* come.m4a */; };
		ED3685C923987583009C7C0C /* went.m4a in Resources */ = {isa = PBXBuildFile; fileRef = ED3685332398756D009C7C0C /* went.m4a */; };
		ED3685CA23987583009C7C0C /* he.m4a in Resources */ = {isa = PBXBuildFile; fileRef = ED3685342398756D009C7C0C /* he.m4a */; };
		ED3685CB23987583009C7C0C /* her.m4a in Resources */ = {isa = PBXBuildFile; fileRef = ED3685352398756D009C7C0C /* her.m4a */; };
		ED3685CC23987583009C7C0C /* so.m4a in Resources */ = {isa = PBXBuildFile; fileRef = ED3685362398756D009C7C0C /* so.m4a */; };
		ED3685CD23987583009C7C0C /* see.m4a in Resources */ = {isa = PBXBuildFile; fileRef = ED3685372398756D009C7C0C /* see.m4a */; };
		ED3685CE23987583009C7C0C /* one.m4a in Resources */ = {isa = PBXBuildFile; fileRef = ED3685382398756D009C7C0C /* one.m4a */; };
		ED3685CF23987583009C7C0C /* cold.m4a in Resources */ = {isa = PBXBuildFile; fileRef = ED3685392398756D009C7C0C /* cold.m4a */; };
		ED3685D023987583009C7C0C /* is.m4a in Resources */ = {isa = PBXBuildFile; fileRef = ED36853A2398756D009C7C0C /* is.m4a */; };
		ED3685D123987583009C7C0C /* any.m4a in Resources */ = {isa = PBXBuildFile; fileRef = ED36853B2398756D009C7C0C /* any.m4a */; };
		ED3685D223987583009C7C0C /* go.m4a in Resources */ = {isa = PBXBuildFile; fileRef = ED36853C2398756D009C7C0C /* go.m4a */; };
		ED3685D323987583009C7C0C /* must.m4a in Resources */ = {isa = PBXBuildFile; fileRef = ED36853D2398756D009C7C0C /* must.m4a */; };
		ED3685D423987583009C7C0C /* eight.m4a in Resources */ = {isa = PBXBuildFile; fileRef = ED36853E2398756D009C7C0C /* eight.m4a */; };
		ED3685D523987583009C7C0C /* walk.m4a in Resources */ = {isa = PBXBuildFile; fileRef = ED36853F2398756D009C7C0C /* walk.m4a */; };
		ED3685D623987583009C7C0C /* want.m4a in Resources */ = {isa = PBXBuildFile; fileRef = ED3685402398756D009C7C0C /* want.m4a */; };
		ED3685D723987583009C7C0C /* help.m4a in Resources */ = {isa = PBXBuildFile; fileRef = ED3685412398756D009C7C0C /* help.m4a */; };
		ED3685D823987583009C7C0C /* green.m4a in Resources */ = {isa = PBXBuildFile; fileRef = ED3685422398756D009C7C0C /* green.m4a */; };
		ED3685D923987583009C7C0C /* keep.m4a in Resources */ = {isa = PBXBuildFile; fileRef = ED3685432398756D009C7C0C /* keep.m4a */; };
		ED3685DA23987583009C7C0C /* when.m4a in Resources */ = {isa = PBXBuildFile; fileRef = ED3685442398756D009C7C0C /* when.m4a */; };
		ED3685DB23987583009C7C0C /* she.m4a in Resources */ = {isa = PBXBuildFile; fileRef = ED3685452398756D009C7C0C /* she.m4a */; };
		ED3685DC23987583009C7C0C /* may.m4a in Resources */ = {isa = PBXBuildFile; fileRef = ED3685462398756D009C7C0C /* may.m4a */; };
		ED3685DD23987583009C7C0C /* if.m4a in Resources */ = {isa = PBXBuildFile; fileRef = ED3685472398756D009C7C0C /* if.m4a */; };
		ED3685DE23987583009C7C0C /* again.m4a in Resources */ = {isa = PBXBuildFile; fileRef = ED3685482398756D009C7C0C /* again.m4a */; };
		ED3685DF23987583009C7C0C /* well.m4a in Resources */ = {isa = PBXBuildFile; fileRef = ED3685492398756D009C7C0C /* well.m4a */; };
		ED3685E023987583009C7C0C /* find.m4a in Resources */ = {isa = PBXBuildFile; fileRef = ED36854A2398756D009C7C0C /* find.m4a */; };
		ED3685E123987583009C7C0C /* first.m4a in Resources */ = {isa = PBXBuildFile; fileRef = ED36854B2398756D009C7C0C /* first.m4a */; };
		ED3685E223987583009C7C0C /* but.m4a in Resources */ = {isa = PBXBuildFile; fileRef = ED36854C2398756D009C7C0C /* but.m4a */; };
		ED3685E323987583009C7C0C /* here.m4a in Resources */ = {isa = PBXBuildFile; fileRef = ED36854D2398756D009C7C0C /* here.m4a */; };
		ED3685E423987583009C7C0C /* now.m4a in Resources */ = {isa = PBXBuildFile; fileRef = ED36854E2398756D009C7C0C /* now.m4a */; };
		ED3685E523987583009C7C0C /* start.m4a in Resources */ = {isa = PBXBuildFile; fileRef = ED36854F2398756D009C7C0C /* start.m4a */; };
		ED3685E623987583009C7C0C /* are.m4a in Resources */ = {isa = PBXBuildFile; fileRef = ED3685502398756D009C7C0C /* are.m4a */; };
		ED3685E723987583009C7C0C /* won't.m4a in Resources */ = {isa = PBXBuildFile; fileRef = ED3685512398756D009C7C0C /* won't.m4a */; };
		ED3685E823987583009C7C0C /* the.m4a in Resources */ = {isa = PBXBuildFile; fileRef = ED3685522398756D009C7C0C /* the.m4a */; };
		ED3685E923987583009C7C0C /* red.m4a in Resources */ = {isa = PBXBuildFile; fileRef = ED3685532398756D009C7C0C /* red.m4a */; };
		ED3685EA23987583009C7C0C /* not.m4a in Resources */ = {isa = PBXBuildFile; fileRef = ED3685542398756D009C7C0C /* not.m4a */; };
		ED3685EB23987583009C7C0C /* this.m4a in Resources */ = {isa = PBXBuildFile; fileRef = ED3685552398756D009C7C0C /* this.m4a */; };
		ED3685EC23987583009C7C0C /* be.m4a in Resources */ = {isa = PBXBuildFile; fileRef = ED3685562398756D009C7C0C /* be.m4a */; };
		ED3685ED23987583009C7C0C /* much.m4a in Resources */ = {isa = PBXBuildFile; fileRef = ED3685572398756D009C7C0C /* much.m4a */; };
		ED3685EE23987583009C7C0C /* long.m4a in Resources */ = {isa = PBXBuildFile; fileRef = ED3685582398756D009C7C0C /* long.m4a */; };
		ED3685EF23987583009C7C0C /* what.m4a in Resources */ = {isa = PBXBuildFile; fileRef = ED3685592398756D009C7C0C /* what.m4a */; };
		ED3685F023987583009C7C0C /* white.m4a in Resources */ = {isa = PBXBuildFile; fileRef = ED36855A2398756D009C7C0C /* white.m4a */; };
		ED3685F123987583009C7C0C /* nine.m4a in Resources */ = {isa = PBXBuildFile; fileRef = ED36855B2398756D009C7C0C /* nine.m4a */; };
		ED3685F223987583009C7C0C /* we.m4a in Resources */ = {isa = PBXBuildFile; fileRef = ED36855C2398756D009C7C0C /* we.m4a */; };
		ED3685F323987583009C7C0C /* play.m4a in Resources */ = {isa = PBXBuildFile; fileRef = ED36855D2398756D009C7C0C /* play.m4a */; };
		ED3685F423987583009C7C0C /* under.m4a in Resources */ = {isa = PBXBuildFile; fileRef = ED36855E2398756D009C7C0C /* under.m4a */; };
		ED3685F523987583009C7C0C /* a.m4a in Resources */ = {isa = PBXBuildFile; fileRef = ED36855F2398756D009C7C0C /* a.m4a */; };
		ED3685F623987583009C7C0C /* how.m4a in Resources */ = {isa = PBXBuildFile; fileRef = ED3685602398756D009C7C0C /* how.m4a */; };
		ED3685F723987583009C7C0C /* am.m4a in Resources */ = {isa = PBXBuildFile; fileRef = ED3685612398756D009C7C0C /* am.m4a */; };
		ED3685F823987583009C7C0C /* of.m4a in Resources */ = {isa = PBXBuildFile; fileRef = ED3685622398756D009C7C0C /* of.m4a */; };
		ED3685F923987583009C7C0C /* my.m4a in Resources */ = {isa = PBXBuildFile; fileRef = ED3685632398756D009C7C0C /* my.m4a */; };
		ED3685FA23987583009C7C0C /* about.m4a in Resources */ = {isa = PBXBuildFile; fileRef = ED3685642398756D009C7C0C /* about.m4a */; };
		ED3685FB23987583009C7C0C /* brown.m4a in Resources */ = {isa = PBXBuildFile; fileRef = ED3685652398756D009C7C0C /* brown.m4a */; };
		ED3685FC23987583009C7C0C /* some.m4a in Resources */ = {isa = PBXBuildFile; fileRef = ED3685662398756D009C7C0C /* some.m4a */; };
		ED3685FD23987584009C7C0C /* ride.m4a in Resources */ = {isa = PBXBuildFile; fileRef = ED3685672398756D009C7C0C /* ride.m4a */; };
		ED3685FE23987584009C7C0C /* to.m4a in Resources */ = {isa = PBXBuildFile; fileRef = ED3685682398756D009C7C0C /* to.m4a */; };
		ED3685FF23987584009C7C0C /* seven.m4a in Resources */ = {isa = PBXBuildFile; fileRef = ED3685692398756D009C7C0C /* seven.m4a */; };
		ED36860023987584009C7C0C /* an.m4a in Resources */ = {isa = PBXBuildFile; fileRef = ED36856A2398756D009C7C0C /* an.m4a */; };
		ED36860123987584009C7C0C /* try.m4a in Resources */ = {isa = PBXBuildFile; fileRef = ED36856B2398756D009C7C0C /* try.m4a */; };
		ED36860223987584009C7C0C /* around.m4a in Resources */ = {isa = PBXBuildFile; fileRef = ED36856C2398756D009C7C0C /* around.m4a */; };
		ED36860323987584009C7C0C /* or.m4a in Resources */ = {isa = PBXBuildFile; fileRef = ED36856D2398756D009C7C0C /* or.m4a */; };
		ED69823A2380AF5C0011935A /* SnapWordViewController.swift in Sources */ = {isa = PBXBuildFile; fileRef = ED6982392380AF5C0011935A /* SnapWordViewController.swift */; };
		ED69824423849AED0011935A /* AboutViewController.swift in Sources */ = {isa = PBXBuildFile; fileRef = ED69824323849AED0011935A /* AboutViewController.swift */; };
		ED69824C238882580011935A /* MainViewController.swift in Sources */ = {isa = PBXBuildFile; fileRef = ED69824B238882580011935A /* MainViewController.swift */; };
		ED69824E238C2EDA0011935A /* SnapWordList.swift in Sources */ = {isa = PBXBuildFile; fileRef = ED69824D238C2EDA0011935A /* SnapWordList.swift */; };
/* End PBXBuildFile section */

/* Begin PBXContainerItemProxy section */
		9E29D12F23707A4E005AD407 /* PBXContainerItemProxy */ = {
			isa = PBXContainerItemProxy;
			containerPortal = 9E29D11223707A4D005AD407 /* Project object */;
			proxyType = 1;
			remoteGlobalIDString = 9E29D11923707A4D005AD407;
			remoteInfo = "Kindergarten Snap Words";
		};
		9E29D13A23707A4E005AD407 /* PBXContainerItemProxy */ = {
			isa = PBXContainerItemProxy;
			containerPortal = 9E29D11223707A4D005AD407 /* Project object */;
			proxyType = 1;
			remoteGlobalIDString = 9E29D11923707A4D005AD407;
			remoteInfo = "Kindergarten Snap Words";
		};
/* End PBXContainerItemProxy section */

/* Begin PBXFileReference section */
		0F53A690237DEEB6007FF287 /* SnapWordsCollectionViewController.swift */ = {isa = PBXFileReference; lastKnownFileType = sourcecode.swift; path = SnapWordsCollectionViewController.swift; sourceTree = "<group>"; };
		9E29D11A23707A4D005AD407 /* Kindergarten Snap Words.app */ = {isa = PBXFileReference; explicitFileType = wrapper.application; includeInIndex = 0; path = "Kindergarten Snap Words.app"; sourceTree = BUILT_PRODUCTS_DIR; };
		9E29D11D23707A4D005AD407 /* AppDelegate.swift */ = {isa = PBXFileReference; lastKnownFileType = sourcecode.swift; path = AppDelegate.swift; sourceTree = "<group>"; };
		9E29D11F23707A4D005AD407 /* ViewController.swift */ = {isa = PBXFileReference; lastKnownFileType = sourcecode.swift; path = ViewController.swift; sourceTree = "<group>"; };
		9E29D12223707A4D005AD407 /* Base */ = {isa = PBXFileReference; lastKnownFileType = file.storyboard; name = Base; path = Base.lproj/Main.storyboard; sourceTree = "<group>"; };
		9E29D12423707A4E005AD407 /* Assets.xcassets */ = {isa = PBXFileReference; lastKnownFileType = folder.assetcatalog; path = Assets.xcassets; sourceTree = "<group>"; };
		9E29D12723707A4E005AD407 /* Base */ = {isa = PBXFileReference; lastKnownFileType = file.storyboard; name = Base; path = Base.lproj/LaunchScreen.storyboard; sourceTree = "<group>"; };
		9E29D12923707A4E005AD407 /* Info.plist */ = {isa = PBXFileReference; lastKnownFileType = text.plist.xml; path = Info.plist; sourceTree = "<group>"; };
		9E29D12E23707A4E005AD407 /* Kindergarten Snap WordsTests.xctest */ = {isa = PBXFileReference; explicitFileType = wrapper.cfbundle; includeInIndex = 0; path = "Kindergarten Snap WordsTests.xctest"; sourceTree = BUILT_PRODUCTS_DIR; };
		9E29D13223707A4E005AD407 /* Kindergarten_Snap_WordsTests.swift */ = {isa = PBXFileReference; lastKnownFileType = sourcecode.swift; path = Kindergarten_Snap_WordsTests.swift; sourceTree = "<group>"; };
		9E29D13423707A4E005AD407 /* Info.plist */ = {isa = PBXFileReference; lastKnownFileType = text.plist.xml; path = Info.plist; sourceTree = "<group>"; };
		9E29D13923707A4E005AD407 /* Kindergarten Snap WordsUITests.xctest */ = {isa = PBXFileReference; explicitFileType = wrapper.cfbundle; includeInIndex = 0; path = "Kindergarten Snap WordsUITests.xctest"; sourceTree = BUILT_PRODUCTS_DIR; };
		9E29D13D23707A4E005AD407 /* Kindergarten_Snap_WordsUITests.swift */ = {isa = PBXFileReference; lastKnownFileType = sourcecode.swift; path = Kindergarten_Snap_WordsUITests.swift; sourceTree = "<group>"; };
		9E29D13F23707A4E005AD407 /* Info.plist */ = {isa = PBXFileReference; lastKnownFileType = text.plist.xml; path = Info.plist; sourceTree = "<group>"; };
		ED3684D82398756D009C7C0C /* get.m4a */ = {isa = PBXFileReference; lastKnownFileType = file; path = get.m4a; sourceTree = "<group>"; };
		ED3684D92398756D009C7C0C /* has.m4a */ = {isa = PBXFileReference; lastKnownFileType = file; path = has.m4a; sourceTree = "<group>"; };
		ED3684DA2398756D009C7C0C /* over.m4a */ = {isa = PBXFileReference; lastKnownFileType = file; path = over.m4a; sourceTree = "<group>"; };
		ED3684DB2398756D009C7C0C /* had.m4a */ = {isa = PBXFileReference; lastKnownFileType = file; path = had.m4a; sourceTree = "<group>"; };
		ED3684DC2398756D009C7C0C /* off.m4a */ = {isa = PBXFileReference; lastKnownFileType = file; path = off.m4a; sourceTree = "<group>"; };
		ED3684DD2398756D009C7C0C /* them.m4a */ = {isa = PBXFileReference; lastKnownFileType = file; path = them.m4a; sourceTree = "<group>"; };
		ED3684DE2398756D009C7C0C /* at.m4a */ = {isa = PBXFileReference; lastKnownFileType = file; path = at.m4a; sourceTree = "<group>"; };
		ED3684DF2398756D009C7C0C /* up.m4a */ = {isa = PBXFileReference; lastKnownFileType = file; path = up.m4a; sourceTree = "<group>"; };
		ED3684E02398756D009C7C0C /* by.m4a */ = {isa = PBXFileReference; lastKnownFileType = file; path = by.m4a; sourceTree = "<group>"; };
		ED3684E12398756D009C7C0C /* give.m4a */ = {isa = PBXFileReference; lastKnownFileType = file; path = give.m4a; sourceTree = "<group>"; };
		ED3684E22398756D009C7C0C /* after.m4a */ = {isa = PBXFileReference; lastKnownFileType = file; path = after.m4a; sourceTree = "<group>"; };
		ED3684E32398756D009C7C0C /* were.m4a */ = {isa = PBXFileReference; lastKnownFileType = file; path = were.m4a; sourceTree = "<group>"; };
		ED3684E42398756D009C7C0C /* tell.m4a */ = {isa = PBXFileReference; lastKnownFileType = file; path = tell.m4a; sourceTree = "<group>"; };
		ED3684E52398756D009C7C0C /* make.m4a */ = {isa = PBXFileReference; lastKnownFileType = file; path = make.m4a; sourceTree = "<group>"; };
		ED3684E62398756D009C7C0C /* no.m4a */ = {isa = PBXFileReference; lastKnownFileType = file; path = no.m4a; sourceTree = "<group>"; };
		ED3684E72398756D009C7C0C /* then.m4a */ = {isa = PBXFileReference; lastKnownFileType = file; path = then.m4a; sourceTree = "<group>"; };
		ED3684E82398756D009C7C0C /* they.m4a */ = {isa = PBXFileReference; lastKnownFileType = file; path = they.m4a; sourceTree = "<group>"; };
		ED3684E92398756D009C7C0C /* going.m4a */ = {isa = PBXFileReference; lastKnownFileType = file; path = going.m4a; sourceTree = "<group>"; };
		ED3684EA2398756D009C7C0C /* ask.m4a */ = {isa = PBXFileReference; lastKnownFileType = file; path = ask.m4a; sourceTree = "<group>"; };
		ED3684EB2398756D009C7C0C /* us.m4a */ = {isa = PBXFileReference; lastKnownFileType = file; path = us.m4a; sourceTree = "<group>"; };
		ED3684EC2398756D009C7C0C /* look.m4a */ = {isa = PBXFileReference; lastKnownFileType = file; path = look.m4a; sourceTree = "<group>"; };
		ED3684ED2398756D009C7C0C /* three.m4a */ = {isa = PBXFileReference; lastKnownFileType = file; path = three.m4a; sourceTree = "<group>"; };
		ED3684EE2398756D009C7C0C /* away.m4a */ = {isa = PBXFileReference; lastKnownFileType = file; path = away.m4a; sourceTree = "<group>"; };
		ED3684EF2398756D009C7C0C /* there.m4a */ = {isa = PBXFileReference; lastKnownFileType = file; path = there.m4a; sourceTree = "<group>"; };
		ED3684F02398756D009C7C0C /* you.m4a */ = {isa = PBXFileReference; lastKnownFileType = file; path = you.m4a; sourceTree = "<group>"; };
		ED3684F12398756D009C7C0C /* on.m4a */ = {isa = PBXFileReference; lastKnownFileType = file; path = on.m4a; sourceTree = "<group>"; };
		ED3684F22398756D009C7C0C /* stop.m4a */ = {isa = PBXFileReference; lastKnownFileType = file; path = stop.m4a; sourceTree = "<group>"; };
		ED3684F32398756D009C7C0C /* jump.m4a */ = {isa = PBXFileReference; lastKnownFileType = file; path = jump.m4a; sourceTree = "<group>"; };
		ED3684F42398756D009C7C0C /* i.m4a */ = {isa = PBXFileReference; lastKnownFileType = file; path = i.m4a; sourceTree = "<group>"; };
		ED3684F52398756D009C7C0C /* as.m4a */ = {isa = PBXFileReference; lastKnownFileType = file; path = as.m4a; sourceTree = "<group>"; };
		ED3684F62398756D009C7C0C /* pretty.m4a */ = {isa = PBXFileReference; lastKnownFileType = file; path = pretty.m4a; sourceTree = "<group>"; };
		ED3684F72398756D009C7C0C /* for.m4a */ = {isa = PBXFileReference; lastKnownFileType = file; path = for.m4a; sourceTree = "<group>"; };
		ED3684F82398756D009C7C0C /* me.m4a */ = {isa = PBXFileReference; lastKnownFileType = file; path = me.m4a; sourceTree = "<group>"; };
		ED3684F92398756D009C7C0C /* little.m4a */ = {isa = PBXFileReference; lastKnownFileType = file; path = little.m4a; sourceTree = "<group>"; };
		ED3684FA2398756D009C7C0C /* saw.m4a */ = {isa = PBXFileReference; lastKnownFileType = file; path = saw.m4a; sourceTree = "<group>"; };
		ED3684FB2398756D009C7C0C /* ten.m4a */ = {isa = PBXFileReference; lastKnownFileType = file; path = ten.m4a; sourceTree = "<group>"; };
		ED3684FC2398756D009C7C0C /* work.m4a */ = {isa = PBXFileReference; lastKnownFileType = file; path = work.m4a; sourceTree = "<group>"; };
		ED3684FD2398756D009C7C0C /* was.m4a */ = {isa = PBXFileReference; lastKnownFileType = file; path = was.m4a; sourceTree = "<group>"; };
		ED3684FE2398756D009C7C0C /* before.m4a */ = {isa = PBXFileReference; lastKnownFileType = file; path = before.m4a; sourceTree = "<group>"; };
		ED3684FF2398756D009C7C0C /* good.m4a */ = {isa = PBXFileReference; lastKnownFileType = file; path = good.m4a; sourceTree = "<group>"; };
		ED3685002398756D009C7C0C /* big.m4a */ = {isa = PBXFileReference; lastKnownFileType = file; path = big.m4a; sourceTree = "<group>"; };
		ED3685012398756D009C7C0C /* will.m4a */ = {isa = PBXFileReference; lastKnownFileType = file; path = will.m4a; sourceTree = "<group>"; };
		ED3685022398756D009C7C0C /* from.m4a */ = {isa = PBXFileReference; lastKnownFileType = file; path = from.m4a; sourceTree = "<group>"; };
		ED3685032398756D009C7C0C /* yes.m4a */ = {isa = PBXFileReference; lastKnownFileType = file; path = yes.m4a; sourceTree = "<group>"; };
		ED3685042398756D009C7C0C /* got.m4a */ = {isa = PBXFileReference; lastKnownFileType = file; path = got.m4a; sourceTree = "<group>"; };
		ED3685052398756D009C7C0C /* would.m4a */ = {isa = PBXFileReference; lastKnownFileType = file; path = would.m4a; sourceTree = "<group>"; };
		ED3685062398756D009C7C0C /* four.m4a */ = {isa = PBXFileReference; lastKnownFileType = file; path = four.m4a; sourceTree = "<group>"; };
		ED3685072398756D009C7C0C /* him.m4a */ = {isa = PBXFileReference; lastKnownFileType = file; path = him.m4a; sourceTree = "<group>"; };
		ED3685082398756D009C7C0C /* very.m4a */ = {isa = PBXFileReference; lastKnownFileType = file; path = very.m4a; sourceTree = "<group>"; };
		ED3685092398756D009C7C0C /* like.m4a */ = {isa = PBXFileReference; lastKnownFileType = file; path = like.m4a; sourceTree = "<group>"; };
		ED36850A2398756D009C7C0C /* know.m4a */ = {isa = PBXFileReference; lastKnownFileType = file; path = know.m4a; sourceTree = "<group>"; };
		ED36850B2398756D009C7C0C /* put.m4a */ = {isa = PBXFileReference; lastKnownFileType = file; path = put.m4a; sourceTree = "<group>"; };
		ED36850C2398756D009C7C0C /* who.m4a */ = {isa = PBXFileReference; lastKnownFileType = file; path = who.m4a; sourceTree = "<group>"; };
		ED36850D2398756D009C7C0C /* two.m4a */ = {isa = PBXFileReference; lastKnownFileType = file; path = two.m4a; sourceTree = "<group>"; };
		ED36850E2398756D009C7C0C /* into.m4a */ = {isa = PBXFileReference; lastKnownFileType = file; path = into.m4a; sourceTree = "<group>"; };
		ED36850F2398756D009C7C0C /* do.m4a */ = {isa = PBXFileReference; lastKnownFileType = file; path = do.m4a; sourceTree = "<group>"; };
		ED3685102398756D009C7C0C /* six.m4a */ = {isa = PBXFileReference; lastKnownFileType = file; path = six.m4a; sourceTree = "<group>"; };
		ED3685112398756D009C7C0C /* can.m4a */ = {isa = PBXFileReference; lastKnownFileType = file; path = can.m4a; sourceTree = "<group>"; };
		ED3685122398756D009C7C0C /* black.m4a */ = {isa = PBXFileReference; lastKnownFileType = file; path = black.m4a; sourceTree = "<group>"; };
		ED3685132398756D009C7C0C /* with.m4a */ = {isa = PBXFileReference; lastKnownFileType = file; path = with.m4a; sourceTree = "<group>"; };
		ED3685142398756D009C7C0C /* why.m4a */ = {isa = PBXFileReference; lastKnownFileType = file; path = why.m4a; sourceTree = "<group>"; };
		ED3685152398756D009C7C0C /* down.m4a */ = {isa = PBXFileReference; lastKnownFileType = file; path = down.m4a; sourceTree = "<group>"; };
		ED3685162398756D009C7C0C /* blue.m4a */ = {isa = PBXFileReference; lastKnownFileType = file; path = blue.m4a; sourceTree = "<group>"; };
		ED3685172398756D009C7C0C /* every.m4a */ = {isa = PBXFileReference; lastKnownFileType = file; path = every.m4a; sourceTree = "<group>"; };
		ED3685182398756D009C7C0C /* just.m4a */ = {isa = PBXFileReference; lastKnownFileType = file; path = just.m4a; sourceTree = "<group>"; };
		ED3685192398756D009C7C0C /* have.m4a */ = {isa = PBXFileReference; lastKnownFileType = file; path = have.m4a; sourceTree = "<group>"; };
		ED36851A2398756D009C7C0C /* out.m4a */ = {isa = PBXFileReference; lastKnownFileType = file; path = out.m4a; sourceTree = "<group>"; };
		ED36851B2398756D009C7C0C /* because.m4a */ = {isa = PBXFileReference; lastKnownFileType = file; path = because.m4a; sourceTree = "<group>"; };
		ED36851C2398756D009C7C0C /* could.m4a */ = {isa = PBXFileReference; lastKnownFileType = file; path = could.m4a; sourceTree = "<group>"; };
		ED36851D2398756D009C7C0C /* yellow.m4a */ = {isa = PBXFileReference; lastKnownFileType = file; path = yellow.m4a; sourceTree = "<group>"; };
		ED36851E2398756D009C7C0C /* came.m4a */ = {isa = PBXFileReference; lastKnownFileType = file; path = came.m4a; sourceTree = "<group>"; };
		ED36851F2398756D009C7C0C /* all.m4a */ = {isa = PBXFileReference; lastKnownFileType = file; path = all.m4a; sourceTree = "<group>"; };
		ED3685202398756D009C7C0C /* where.m4a */ = {isa = PBXFileReference; lastKnownFileType = file; path = where.m4a; sourceTree = "<group>"; };
		ED3685212398756D009C7C0C /* in.m4a */ = {isa = PBXFileReference; lastKnownFileType = file; path = in.m4a; sourceTree = "<group>"; };
		ED3685222398756D009C7C0C /* and.m4a */ = {isa = PBXFileReference; lastKnownFileType = file; path = and.m4a; sourceTree = "<group>"; };
		ED3685232398756D009C7C0C /* that.m4a */ = {isa = PBXFileReference; lastKnownFileType = file; path = that.m4a; sourceTree = "<group>"; };
		ED3685242398756D009C7C0C /* too.m4a */ = {isa = PBXFileReference; lastKnownFileType = file; path = too.m4a; sourceTree = "<group>"; };
		ED3685252398756D009C7C0C /* did.m4a */ = {isa = PBXFileReference; lastKnownFileType = file; path = did.m4a; sourceTree = "<group>"; };
		ED3685262398756D009C7C0C /* goes.m4a */ = {isa = PBXFileReference; lastKnownFileType = file; path = goes.m4a; sourceTree = "<group>"; };
		ED3685272398756D009C7C0C /* ran.m4a */ = {isa = PBXFileReference; lastKnownFileType = file; path = ran.m4a; sourceTree = "<group>"; };
		ED3685282398756D009C7C0C /* eat.m4a */ = {isa = PBXFileReference; lastKnownFileType = file; path = eat.m4a; sourceTree = "<group>"; };
		ED3685292398756D009C7C0C /* been.m4a */ = {isa = PBXFileReference; lastKnownFileType = file; path = been.m4a; sourceTree = "<group>"; };
		ED36852A2398756D009C7C0C /* new.m4a */ = {isa = PBXFileReference; lastKnownFileType = file; path = new.m4a; sourceTree = "<group>"; };
		ED36852B2398756D009C7C0C /* take.m4a */ = {isa = PBXFileReference; lastKnownFileType = file; path = take.m4a; sourceTree = "<group>"; };
		ED36852C2398756D009C7C0C /* said.m4a */ = {isa = PBXFileReference; lastKnownFileType = file; path = said.m4a; sourceTree = "<group>"; };
		ED36852D2398756D009C7C0C /* his.m4a */ = {isa = PBXFileReference; lastKnownFileType = file; path = his.m4a; sourceTree = "<group>"; };
		ED36852E2398756D009C7C0C /* it.m4a */ = {isa = PBXFileReference; lastKnownFileType = file; path = it.m4a; sourceTree = "<group>"; };
		ED36852F2398756D009C7C0C /* your.m4a */ = {isa = PBXFileReference; lastKnownFileType = file; path = your.m4a; sourceTree = "<group>"; };
		ED3685302398756D009C7C0C /* let.m4a */ = {isa = PBXFileReference; lastKnownFileType = file; path = let.m4a; sourceTree = "<group>"; };
		ED3685312398756D009C7C0C /* five.m4a */ = {isa = PBXFileReference; lastKnownFileType = file; path = five.m4a; sourceTree = "<group>"; };
		ED3685322398756D009C7C0C /* come.m4a */ = {isa = PBXFileReference; lastKnownFileType = file; path = come.m4a; sourceTree = "<group>"; };
		ED3685332398756D009C7C0C /* went.m4a */ = {isa = PBXFileReference; lastKnownFileType = file; path = went.m4a; sourceTree = "<group>"; };
		ED3685342398756D009C7C0C /* he.m4a */ = {isa = PBXFileReference; lastKnownFileType = file; path = he.m4a; sourceTree = "<group>"; };
		ED3685352398756D009C7C0C /* her.m4a */ = {isa = PBXFileReference; lastKnownFileType = file; path = her.m4a; sourceTree = "<group>"; };
		ED3685362398756D009C7C0C /* so.m4a */ = {isa = PBXFileReference; lastKnownFileType = file; path = so.m4a; sourceTree = "<group>"; };
		ED3685372398756D009C7C0C /* see.m4a */ = {isa = PBXFileReference; lastKnownFileType = file; path = see.m4a; sourceTree = "<group>"; };
		ED3685382398756D009C7C0C /* one.m4a */ = {isa = PBXFileReference; lastKnownFileType = file; path = one.m4a; sourceTree = "<group>"; };
		ED3685392398756D009C7C0C /* cold.m4a */ = {isa = PBXFileReference; lastKnownFileType = file; path = cold.m4a; sourceTree = "<group>"; };
		ED36853A2398756D009C7C0C /* is.m4a */ = {isa = PBXFileReference; lastKnownFileType = file; path = is.m4a; sourceTree = "<group>"; };
		ED36853B2398756D009C7C0C /* any.m4a */ = {isa = PBXFileReference; lastKnownFileType = file; path = any.m4a; sourceTree = "<group>"; };
		ED36853C2398756D009C7C0C /* go.m4a */ = {isa = PBXFileReference; lastKnownFileType = file; path = go.m4a; sourceTree = "<group>"; };
		ED36853D2398756D009C7C0C /* must.m4a */ = {isa = PBXFileReference; lastKnownFileType = file; path = must.m4a; sourceTree = "<group>"; };
		ED36853E2398756D009C7C0C /* eight.m4a */ = {isa = PBXFileReference; lastKnownFileType = file; path = eight.m4a; sourceTree = "<group>"; };
		ED36853F2398756D009C7C0C /* walk.m4a */ = {isa = PBXFileReference; lastKnownFileType = file; path = walk.m4a; sourceTree = "<group>"; };
		ED3685402398756D009C7C0C /* want.m4a */ = {isa = PBXFileReference; lastKnownFileType = file; path = want.m4a; sourceTree = "<group>"; };
		ED3685412398756D009C7C0C /* help.m4a */ = {isa = PBXFileReference; lastKnownFileType = file; path = help.m4a; sourceTree = "<group>"; };
		ED3685422398756D009C7C0C /* green.m4a */ = {isa = PBXFileReference; lastKnownFileType = file; path = green.m4a; sourceTree = "<group>"; };
		ED3685432398756D009C7C0C /* keep.m4a */ = {isa = PBXFileReference; lastKnownFileType = file; path = keep.m4a; sourceTree = "<group>"; };
		ED3685442398756D009C7C0C /* when.m4a */ = {isa = PBXFileReference; lastKnownFileType = file; path = when.m4a; sourceTree = "<group>"; };
		ED3685452398756D009C7C0C /* she.m4a */ = {isa = PBXFileReference; lastKnownFileType = file; path = she.m4a; sourceTree = "<group>"; };
		ED3685462398756D009C7C0C /* may.m4a */ = {isa = PBXFileReference; lastKnownFileType = file; path = may.m4a; sourceTree = "<group>"; };
		ED3685472398756D009C7C0C /* if.m4a */ = {isa = PBXFileReference; lastKnownFileType = file; path = if.m4a; sourceTree = "<group>"; };
		ED3685482398756D009C7C0C /* again.m4a */ = {isa = PBXFileReference; lastKnownFileType = file; path = again.m4a; sourceTree = "<group>"; };
		ED3685492398756D009C7C0C /* well.m4a */ = {isa = PBXFileReference; lastKnownFileType = file; path = well.m4a; sourceTree = "<group>"; };
		ED36854A2398756D009C7C0C /* find.m4a */ = {isa = PBXFileReference; lastKnownFileType = file; path = find.m4a; sourceTree = "<group>"; };
		ED36854B2398756D009C7C0C /* first.m4a */ = {isa = PBXFileReference; lastKnownFileType = file; path = first.m4a; sourceTree = "<group>"; };
		ED36854C2398756D009C7C0C /* but.m4a */ = {isa = PBXFileReference; lastKnownFileType = file; path = but.m4a; sourceTree = "<group>"; };
		ED36854D2398756D009C7C0C /* here.m4a */ = {isa = PBXFileReference; lastKnownFileType = file; path = here.m4a; sourceTree = "<group>"; };
		ED36854E2398756D009C7C0C /* now.m4a */ = {isa = PBXFileReference; lastKnownFileType = file; path = now.m4a; sourceTree = "<group>"; };
		ED36854F2398756D009C7C0C /* start.m4a */ = {isa = PBXFileReference; lastKnownFileType = file; path = start.m4a; sourceTree = "<group>"; };
		ED3685502398756D009C7C0C /* are.m4a */ = {isa = PBXFileReference; lastKnownFileType = file; path = are.m4a; sourceTree = "<group>"; };
		ED3685512398756D009C7C0C /* won't.m4a */ = {isa = PBXFileReference; lastKnownFileType = file; path = "won't.m4a"; sourceTree = "<group>"; };
		ED3685522398756D009C7C0C /* the.m4a */ = {isa = PBXFileReference; lastKnownFileType = file; path = the.m4a; sourceTree = "<group>"; };
		ED3685532398756D009C7C0C /* red.m4a */ = {isa = PBXFileReference; lastKnownFileType = file; path = red.m4a; sourceTree = "<group>"; };
		ED3685542398756D009C7C0C /* not.m4a */ = {isa = PBXFileReference; lastKnownFileType = file; path = not.m4a; sourceTree = "<group>"; };
		ED3685552398756D009C7C0C /* this.m4a */ = {isa = PBXFileReference; lastKnownFileType = file; path = this.m4a; sourceTree = "<group>"; };
		ED3685562398756D009C7C0C /* be.m4a */ = {isa = PBXFileReference; lastKnownFileType = file; path = be.m4a; sourceTree = "<group>"; };
		ED3685572398756D009C7C0C /* much.m4a */ = {isa = PBXFileReference; lastKnownFileType = file; path = much.m4a; sourceTree = "<group>"; };
		ED3685582398756D009C7C0C /* long.m4a */ = {isa = PBXFileReference; lastKnownFileType = file; path = long.m4a; sourceTree = "<group>"; };
		ED3685592398756D009C7C0C /* what.m4a */ = {isa = PBXFileReference; lastKnownFileType = file; path = what.m4a; sourceTree = "<group>"; };
		ED36855A2398756D009C7C0C /* white.m4a */ = {isa = PBXFileReference; lastKnownFileType = file; path = white.m4a; sourceTree = "<group>"; };
		ED36855B2398756D009C7C0C /* nine.m4a */ = {isa = PBXFileReference; lastKnownFileType = file; path = nine.m4a; sourceTree = "<group>"; };
		ED36855C2398756D009C7C0C /* we.m4a */ = {isa = PBXFileReference; lastKnownFileType = file; path = we.m4a; sourceTree = "<group>"; };
		ED36855D2398756D009C7C0C /* play.m4a */ = {isa = PBXFileReference; lastKnownFileType = file; path = play.m4a; sourceTree = "<group>"; };
		ED36855E2398756D009C7C0C /* under.m4a */ = {isa = PBXFileReference; lastKnownFileType = file; path = under.m4a; sourceTree = "<group>"; };
		ED36855F2398756D009C7C0C /* a.m4a */ = {isa = PBXFileReference; lastKnownFileType = file; path = a.m4a; sourceTree = "<group>"; };
		ED3685602398756D009C7C0C /* how.m4a */ = {isa = PBXFileReference; lastKnownFileType = file; path = how.m4a; sourceTree = "<group>"; };
		ED3685612398756D009C7C0C /* am.m4a */ = {isa = PBXFileReference; lastKnownFileType = file; path = am.m4a; sourceTree = "<group>"; };
		ED3685622398756D009C7C0C /* of.m4a */ = {isa = PBXFileReference; lastKnownFileType = file; path = of.m4a; sourceTree = "<group>"; };
		ED3685632398756D009C7C0C /* my.m4a */ = {isa = PBXFileReference; lastKnownFileType = file; path = my.m4a; sourceTree = "<group>"; };
		ED3685642398756D009C7C0C /* about.m4a */ = {isa = PBXFileReference; lastKnownFileType = file; path = about.m4a; sourceTree = "<group>"; };
		ED3685652398756D009C7C0C /* brown.m4a */ = {isa = PBXFileReference; lastKnownFileType = file; path = brown.m4a; sourceTree = "<group>"; };
		ED3685662398756D009C7C0C /* some.m4a */ = {isa = PBXFileReference; lastKnownFileType = file; path = some.m4a; sourceTree = "<group>"; };
		ED3685672398756D009C7C0C /* ride.m4a */ = {isa = PBXFileReference; lastKnownFileType = file; path = ride.m4a; sourceTree = "<group>"; };
		ED3685682398756D009C7C0C /* to.m4a */ = {isa = PBXFileReference; lastKnownFileType = file; path = to.m4a; sourceTree = "<group>"; };
		ED3685692398756D009C7C0C /* seven.m4a */ = {isa = PBXFileReference; lastKnownFileType = file; path = seven.m4a; sourceTree = "<group>"; };
		ED36856A2398756D009C7C0C /* an.m4a */ = {isa = PBXFileReference; lastKnownFileType = file; path = an.m4a; sourceTree = "<group>"; };
		ED36856B2398756D009C7C0C /* try.m4a */ = {isa = PBXFileReference; lastKnownFileType = file; path = try.m4a; sourceTree = "<group>"; };
		ED36856C2398756D009C7C0C /* around.m4a */ = {isa = PBXFileReference; lastKnownFileType = file; path = around.m4a; sourceTree = "<group>"; };
		ED36856D2398756D009C7C0C /* or.m4a */ = {isa = PBXFileReference; lastKnownFileType = file; path = or.m4a; sourceTree = "<group>"; };
		ED6982392380AF5C0011935A /* SnapWordViewController.swift */ = {isa = PBXFileReference; lastKnownFileType = sourcecode.swift; path = SnapWordViewController.swift; sourceTree = "<group>"; };
		ED69824323849AED0011935A /* AboutViewController.swift */ = {isa = PBXFileReference; lastKnownFileType = sourcecode.swift; path = AboutViewController.swift; sourceTree = "<group>"; };
		ED69824B238882580011935A /* MainViewController.swift */ = {isa = PBXFileReference; lastKnownFileType = sourcecode.swift; path = MainViewController.swift; sourceTree = "<group>"; };
		ED69824D238C2EDA0011935A /* SnapWordList.swift */ = {isa = PBXFileReference; lastKnownFileType = sourcecode.swift; path = SnapWordList.swift; sourceTree = "<group>"; };
/* End PBXFileReference section */

/* Begin PBXFrameworksBuildPhase section */
		9E29D11723707A4D005AD407 /* Frameworks */ = {
			isa = PBXFrameworksBuildPhase;
			buildActionMask = 2147483647;
			files = (
			);
			runOnlyForDeploymentPostprocessing = 0;
		};
		9E29D12B23707A4E005AD407 /* Frameworks */ = {
			isa = PBXFrameworksBuildPhase;
			buildActionMask = 2147483647;
			files = (
			);
			runOnlyForDeploymentPostprocessing = 0;
		};
		9E29D13623707A4E005AD407 /* Frameworks */ = {
			isa = PBXFrameworksBuildPhase;
			buildActionMask = 2147483647;
			files = (
			);
			runOnlyForDeploymentPostprocessing = 0;
		};
/* End PBXFrameworksBuildPhase section */

/* Begin PBXGroup section */
		9E29D11123707A4D005AD407 = {
			isa = PBXGroup;
			children = (
				ED3684D72398756D009C7C0C /* SnapWordsAudio */,
				9E29D11C23707A4D005AD407 /* Kindergarten Snap Words */,
				9E29D13123707A4E005AD407 /* Kindergarten Snap WordsTests */,
				9E29D13C23707A4E005AD407 /* Kindergarten Snap WordsUITests */,
				9E29D11B23707A4D005AD407 /* Products */,
			);
			sourceTree = "<group>";
		};
		9E29D11B23707A4D005AD407 /* Products */ = {
			isa = PBXGroup;
			children = (
				9E29D11A23707A4D005AD407 /* Kindergarten Snap Words.app */,
				9E29D12E23707A4E005AD407 /* Kindergarten Snap WordsTests.xctest */,
				9E29D13923707A4E005AD407 /* Kindergarten Snap WordsUITests.xctest */,
			);
			name = Products;
			sourceTree = "<group>";
		};
		9E29D11C23707A4D005AD407 /* Kindergarten Snap Words */ = {
			isa = PBXGroup;
			children = (
				ED69824323849AED0011935A /* AboutViewController.swift */,
				ED69824B238882580011935A /* MainViewController.swift */,
				9E29D11D23707A4D005AD407 /* AppDelegate.swift */,
				ED6982392380AF5C0011935A /* SnapWordViewController.swift */,
				9E29D11F23707A4D005AD407 /* ViewController.swift */,
				9E29D12123707A4D005AD407 /* Main.storyboard */,
				0F53A690237DEEB6007FF287 /* SnapWordsCollectionViewController.swift */,
				9E29D12423707A4E005AD407 /* Assets.xcassets */,
				9E29D12623707A4E005AD407 /* LaunchScreen.storyboard */,
				9E29D12923707A4E005AD407 /* Info.plist */,
				ED69824D238C2EDA0011935A /* SnapWordList.swift */,
			);
			path = "Kindergarten Snap Words";
			sourceTree = "<group>";
		};
		9E29D13123707A4E005AD407 /* Kindergarten Snap WordsTests */ = {
			isa = PBXGroup;
			children = (
				9E29D13223707A4E005AD407 /* Kindergarten_Snap_WordsTests.swift */,
				9E29D13423707A4E005AD407 /* Info.plist */,
			);
			path = "Kindergarten Snap WordsTests";
			sourceTree = "<group>";
		};
		9E29D13C23707A4E005AD407 /* Kindergarten Snap WordsUITests */ = {
			isa = PBXGroup;
			children = (
				9E29D13D23707A4E005AD407 /* Kindergarten_Snap_WordsUITests.swift */,
				9E29D13F23707A4E005AD407 /* Info.plist */,
			);
			path = "Kindergarten Snap WordsUITests";
			sourceTree = "<group>";
		};
		ED3684D72398756D009C7C0C /* SnapWordsAudio */ = {
			isa = PBXGroup;
			children = (
				ED3684D82398756D009C7C0C /* get.m4a */,
				ED3684D92398756D009C7C0C /* has.m4a */,
				ED3684DA2398756D009C7C0C /* over.m4a */,
				ED3684DB2398756D009C7C0C /* had.m4a */,
				ED3684DC2398756D009C7C0C /* off.m4a */,
				ED3684DD2398756D009C7C0C /* them.m4a */,
				ED3684DE2398756D009C7C0C /* at.m4a */,
				ED3684DF2398756D009C7C0C /* up.m4a */,
				ED3684E02398756D009C7C0C /* by.m4a */,
				ED3684E12398756D009C7C0C /* give.m4a */,
				ED3684E22398756D009C7C0C /* after.m4a */,
				ED3684E32398756D009C7C0C /* were.m4a */,
				ED3684E42398756D009C7C0C /* tell.m4a */,
				ED3684E52398756D009C7C0C /* make.m4a */,
				ED3684E62398756D009C7C0C /* no.m4a */,
				ED3684E72398756D009C7C0C /* then.m4a */,
				ED3684E82398756D009C7C0C /* they.m4a */,
				ED3684E92398756D009C7C0C /* going.m4a */,
				ED3684EA2398756D009C7C0C /* ask.m4a */,
				ED3684EB2398756D009C7C0C /* us.m4a */,
				ED3684EC2398756D009C7C0C /* look.m4a */,
				ED3684ED2398756D009C7C0C /* three.m4a */,
				ED3684EE2398756D009C7C0C /* away.m4a */,
				ED3684EF2398756D009C7C0C /* there.m4a */,
				ED3684F02398756D009C7C0C /* you.m4a */,
				ED3684F12398756D009C7C0C /* on.m4a */,
				ED3684F22398756D009C7C0C /* stop.m4a */,
				ED3684F32398756D009C7C0C /* jump.m4a */,
				ED3684F42398756D009C7C0C /* i.m4a */,
				ED3684F52398756D009C7C0C /* as.m4a */,
				ED3684F62398756D009C7C0C /* pretty.m4a */,
				ED3684F72398756D009C7C0C /* for.m4a */,
				ED3684F82398756D009C7C0C /* me.m4a */,
				ED3684F92398756D009C7C0C /* little.m4a */,
				ED3684FA2398756D009C7C0C /* saw.m4a */,
				ED3684FB2398756D009C7C0C /* ten.m4a */,
				ED3684FC2398756D009C7C0C /* work.m4a */,
				ED3684FD2398756D009C7C0C /* was.m4a */,
				ED3684FE2398756D009C7C0C /* before.m4a */,
				ED3684FF2398756D009C7C0C /* good.m4a */,
				ED3685002398756D009C7C0C /* big.m4a */,
				ED3685012398756D009C7C0C /* will.m4a */,
				ED3685022398756D009C7C0C /* from.m4a */,
				ED3685032398756D009C7C0C /* yes.m4a */,
				ED3685042398756D009C7C0C /* got.m4a */,
				ED3685052398756D009C7C0C /* would.m4a */,
				ED3685062398756D009C7C0C /* four.m4a */,
				ED3685072398756D009C7C0C /* him.m4a */,
				ED3685082398756D009C7C0C /* very.m4a */,
				ED3685092398756D009C7C0C /* like.m4a */,
				ED36850A2398756D009C7C0C /* know.m4a */,
				ED36850B2398756D009C7C0C /* put.m4a */,
				ED36850C2398756D009C7C0C /* who.m4a */,
				ED36850D2398756D009C7C0C /* two.m4a */,
				ED36850E2398756D009C7C0C /* into.m4a */,
				ED36850F2398756D009C7C0C /* do.m4a */,
				ED3685102398756D009C7C0C /* six.m4a */,
				ED3685112398756D009C7C0C /* can.m4a */,
				ED3685122398756D009C7C0C /* black.m4a */,
				ED3685132398756D009C7C0C /* with.m4a */,
				ED3685142398756D009C7C0C /* why.m4a */,
				ED3685152398756D009C7C0C /* down.m4a */,
				ED3685162398756D009C7C0C /* blue.m4a */,
				ED3685172398756D009C7C0C /* every.m4a */,
				ED3685182398756D009C7C0C /* just.m4a */,
				ED3685192398756D009C7C0C /* have.m4a */,
				ED36851A2398756D009C7C0C /* out.m4a */,
				ED36851B2398756D009C7C0C /* because.m4a */,
				ED36851C2398756D009C7C0C /* could.m4a */,
				ED36851D2398756D009C7C0C /* yellow.m4a */,
				ED36851E2398756D009C7C0C /* came.m4a */,
				ED36851F2398756D009C7C0C /* all.m4a */,
				ED3685202398756D009C7C0C /* where.m4a */,
				ED3685212398756D009C7C0C /* in.m4a */,
				ED3685222398756D009C7C0C /* and.m4a */,
				ED3685232398756D009C7C0C /* that.m4a */,
				ED3685242398756D009C7C0C /* too.m4a */,
				ED3685252398756D009C7C0C /* did.m4a */,
				ED3685262398756D009C7C0C /* goes.m4a */,
				ED3685272398756D009C7C0C /* ran.m4a */,
				ED3685282398756D009C7C0C /* eat.m4a */,
				ED3685292398756D009C7C0C /* been.m4a */,
				ED36852A2398756D009C7C0C /* new.m4a */,
				ED36852B2398756D009C7C0C /* take.m4a */,
				ED36852C2398756D009C7C0C /* said.m4a */,
				ED36852D2398756D009C7C0C /* his.m4a */,
				ED36852E2398756D009C7C0C /* it.m4a */,
				ED36852F2398756D009C7C0C /* your.m4a */,
				ED3685302398756D009C7C0C /* let.m4a */,
				ED3685312398756D009C7C0C /* five.m4a */,
				ED3685322398756D009C7C0C /* come.m4a */,
				ED3685332398756D009C7C0C /* went.m4a */,
				ED3685342398756D009C7C0C /* he.m4a */,
				ED3685352398756D009C7C0C /* her.m4a */,
				ED3685362398756D009C7C0C /* so.m4a */,
				ED3685372398756D009C7C0C /* see.m4a */,
				ED3685382398756D009C7C0C /* one.m4a */,
				ED3685392398756D009C7C0C /* cold.m4a */,
				ED36853A2398756D009C7C0C /* is.m4a */,
				ED36853B2398756D009C7C0C /* any.m4a */,
				ED36853C2398756D009C7C0C /* go.m4a */,
				ED36853D2398756D009C7C0C /* must.m4a */,
				ED36853E2398756D009C7C0C /* eight.m4a */,
				ED36853F2398756D009C7C0C /* walk.m4a */,
				ED3685402398756D009C7C0C /* want.m4a */,
				ED3685412398756D009C7C0C /* help.m4a */,
				ED3685422398756D009C7C0C /* green.m4a */,
				ED3685432398756D009C7C0C /* keep.m4a */,
				ED3685442398756D009C7C0C /* when.m4a */,
				ED3685452398756D009C7C0C /* she.m4a */,
				ED3685462398756D009C7C0C /* may.m4a */,
				ED3685472398756D009C7C0C /* if.m4a */,
				ED3685482398756D009C7C0C /* again.m4a */,
				ED3685492398756D009C7C0C /* well.m4a */,
				ED36854A2398756D009C7C0C /* find.m4a */,
				ED36854B2398756D009C7C0C /* first.m4a */,
				ED36854C2398756D009C7C0C /* but.m4a */,
				ED36854D2398756D009C7C0C /* here.m4a */,
				ED36854E2398756D009C7C0C /* now.m4a */,
				ED36854F2398756D009C7C0C /* start.m4a */,
				ED3685502398756D009C7C0C /* are.m4a */,
				ED3685512398756D009C7C0C /* won't.m4a */,
				ED3685522398756D009C7C0C /* the.m4a */,
				ED3685532398756D009C7C0C /* red.m4a */,
				ED3685542398756D009C7C0C /* not.m4a */,
				ED3685552398756D009C7C0C /* this.m4a */,
				ED3685562398756D009C7C0C /* be.m4a */,
				ED3685572398756D009C7C0C /* much.m4a */,
				ED3685582398756D009C7C0C /* long.m4a */,
				ED3685592398756D009C7C0C /* what.m4a */,
				ED36855A2398756D009C7C0C /* white.m4a */,
				ED36855B2398756D009C7C0C /* nine.m4a */,
				ED36855C2398756D009C7C0C /* we.m4a */,
				ED36855D2398756D009C7C0C /* play.m4a */,
				ED36855E2398756D009C7C0C /* under.m4a */,
				ED36855F2398756D009C7C0C /* a.m4a */,
				ED3685602398756D009C7C0C /* how.m4a */,
				ED3685612398756D009C7C0C /* am.m4a */,
				ED3685622398756D009C7C0C /* of.m4a */,
				ED3685632398756D009C7C0C /* my.m4a */,
				ED3685642398756D009C7C0C /* about.m4a */,
				ED3685652398756D009C7C0C /* brown.m4a */,
				ED3685662398756D009C7C0C /* some.m4a */,
				ED3685672398756D009C7C0C /* ride.m4a */,
				ED3685682398756D009C7C0C /* to.m4a */,
				ED3685692398756D009C7C0C /* seven.m4a */,
				ED36856A2398756D009C7C0C /* an.m4a */,
				ED36856B2398756D009C7C0C /* try.m4a */,
				ED36856C2398756D009C7C0C /* around.m4a */,
				ED36856D2398756D009C7C0C /* or.m4a */,
			);
			path = SnapWordsAudio;
			sourceTree = "<group>";
		};
/* End PBXGroup section */

/* Begin PBXNativeTarget section */
		9E29D11923707A4D005AD407 /* Kindergarten Snap Words */ = {
			isa = PBXNativeTarget;
			buildConfigurationList = 9E29D14223707A4E005AD407 /* Build configuration list for PBXNativeTarget "Kindergarten Snap Words" */;
			buildPhases = (
				9E29D11623707A4D005AD407 /* Sources */,
				9E29D11723707A4D005AD407 /* Frameworks */,
				9E29D11823707A4D005AD407 /* Resources */,
			);
			buildRules = (
			);
			dependencies = (
			);
			name = "Kindergarten Snap Words";
			productName = "Kindergarten Snap Words";
			productReference = 9E29D11A23707A4D005AD407 /* Kindergarten Snap Words.app */;
			productType = "com.apple.product-type.application";
		};
		9E29D12D23707A4E005AD407 /* Kindergarten Snap WordsTests */ = {
			isa = PBXNativeTarget;
			buildConfigurationList = 9E29D14523707A4E005AD407 /* Build configuration list for PBXNativeTarget "Kindergarten Snap WordsTests" */;
			buildPhases = (
				9E29D12A23707A4E005AD407 /* Sources */,
				9E29D12B23707A4E005AD407 /* Frameworks */,
				9E29D12C23707A4E005AD407 /* Resources */,
			);
			buildRules = (
			);
			dependencies = (
				9E29D13023707A4E005AD407 /* PBXTargetDependency */,
			);
			name = "Kindergarten Snap WordsTests";
			productName = "Kindergarten Snap WordsTests";
			productReference = 9E29D12E23707A4E005AD407 /* Kindergarten Snap WordsTests.xctest */;
			productType = "com.apple.product-type.bundle.unit-test";
		};
		9E29D13823707A4E005AD407 /* Kindergarten Snap WordsUITests */ = {
			isa = PBXNativeTarget;
			buildConfigurationList = 9E29D14823707A4E005AD407 /* Build configuration list for PBXNativeTarget "Kindergarten Snap WordsUITests" */;
			buildPhases = (
				9E29D13523707A4E005AD407 /* Sources */,
				9E29D13623707A4E005AD407 /* Frameworks */,
				9E29D13723707A4E005AD407 /* Resources */,
			);
			buildRules = (
			);
			dependencies = (
				9E29D13B23707A4E005AD407 /* PBXTargetDependency */,
			);
			name = "Kindergarten Snap WordsUITests";
			productName = "Kindergarten Snap WordsUITests";
			productReference = 9E29D13923707A4E005AD407 /* Kindergarten Snap WordsUITests.xctest */;
			productType = "com.apple.product-type.bundle.ui-testing";
		};
/* End PBXNativeTarget section */

/* Begin PBXProject section */
		9E29D11223707A4D005AD407 /* Project object */ = {
			isa = PBXProject;
			attributes = {
				KnownAssetTags = (
					aboutView,
				);
				LastSwiftUpdateCheck = 1030;
				LastUpgradeCheck = 1030;
				ORGANIZATIONNAME = "Connor Munro";
				TargetAttributes = {
					9E29D11923707A4D005AD407 = {
						CreatedOnToolsVersion = 10.3;
						LastSwiftMigration = 1120;
					};
					9E29D12D23707A4E005AD407 = {
						CreatedOnToolsVersion = 10.3;
						TestTargetID = 9E29D11923707A4D005AD407;
					};
					9E29D13823707A4E005AD407 = {
						CreatedOnToolsVersion = 10.3;
						TestTargetID = 9E29D11923707A4D005AD407;
					};
				};
			};
			buildConfigurationList = 9E29D11523707A4D005AD407 /* Build configuration list for PBXProject "Kindergarten Snap Words" */;
			compatibilityVersion = "Xcode 9.3";
			developmentRegion = en;
			hasScannedForEncodings = 0;
			knownRegions = (
				en,
				Base,
			);
			mainGroup = 9E29D11123707A4D005AD407;
			productRefGroup = 9E29D11B23707A4D005AD407 /* Products */;
			projectDirPath = "";
			projectRoot = "";
			targets = (
				9E29D11923707A4D005AD407 /* Kindergarten Snap Words */,
				9E29D12D23707A4E005AD407 /* Kindergarten Snap WordsTests */,
				9E29D13823707A4E005AD407 /* Kindergarten Snap WordsUITests */,
			);
		};
/* End PBXProject section */

/* Begin PBXResourcesBuildPhase section */
		9E29D11823707A4D005AD407 /* Resources */ = {
			isa = PBXResourcesBuildPhase;
			buildActionMask = 2147483647;
			files = (
				ED36856E23987583009C7C0C /* get.m4a in Resources */,
				ED36856F23987583009C7C0C /* has.m4a in Resources */,
				ED36857023987583009C7C0C /* over.m4a in Resources */,
				ED36857123987583009C7C0C /* had.m4a in Resources */,
				ED36857223987583009C7C0C /* off.m4a in Resources */,
				ED36857323987583009C7C0C /* them.m4a in Resources */,
				ED36857423987583009C7C0C /* at.m4a in Resources */,
				ED36857523987583009C7C0C /* up.m4a in Resources */,
				ED36857623987583009C7C0C /* by.m4a in Resources */,
				ED36857723987583009C7C0C /* give.m4a in Resources */,
				ED36857823987583009C7C0C /* after.m4a in Resources */,
				ED36857923987583009C7C0C /* were.m4a in Resources */,
				ED36857A23987583009C7C0C /* tell.m4a in Resources */,
				ED36857B23987583009C7C0C /* make.m4a in Resources */,
				ED36857C23987583009C7C0C /* no.m4a in Resources */,
				ED36857D23987583009C7C0C /* then.m4a in Resources */,
				ED36857E23987583009C7C0C /* they.m4a in Resources */,
				ED36857F23987583009C7C0C /* going.m4a in Resources */,
				ED36858023987583009C7C0C /* ask.m4a in Resources */,
				ED36858123987583009C7C0C /* us.m4a in Resources */,
				ED36858223987583009C7C0C /* look.m4a in Resources */,
				ED36858323987583009C7C0C /* three.m4a in Resources */,
				ED36858423987583009C7C0C /* away.m4a in Resources */,
				ED36858523987583009C7C0C /* there.m4a in Resources */,
				ED36858623987583009C7C0C /* you.m4a in Resources */,
				ED36858723987583009C7C0C /* on.m4a in Resources */,
				ED36858823987583009C7C0C /* stop.m4a in Resources */,
				ED36858923987583009C7C0C /* jump.m4a in Resources */,
				ED36858A23987583009C7C0C /* i.m4a in Resources */,
				ED36858B23987583009C7C0C /* as.m4a in Resources */,
				ED36858C23987583009C7C0C /* pretty.m4a in Resources */,
				ED36858D23987583009C7C0C /* for.m4a in Resources */,
				ED36858E23987583009C7C0C /* me.m4a in Resources */,
				ED36858F23987583009C7C0C /* little.m4a in Resources */,
				ED36859023987583009C7C0C /* saw.m4a in Resources */,
				ED36859123987583009C7C0C /* ten.m4a in Resources */,
				ED36859223987583009C7C0C /* work.m4a in Resources */,
				ED36859323987583009C7C0C /* was.m4a in Resources */,
				ED36859423987583009C7C0C /* before.m4a in Resources */,
				ED36859523987583009C7C0C /* good.m4a in Resources */,
				ED36859623987583009C7C0C /* big.m4a in Resources */,
				ED36859723987583009C7C0C /* will.m4a in Resources */,
				ED36859823987583009C7C0C /* from.m4a in Resources */,
				ED36859923987583009C7C0C /* yes.m4a in Resources */,
				ED36859A23987583009C7C0C /* got.m4a in Resources */,
				ED36859B23987583009C7C0C /* would.m4a in Resources */,
				ED36859C23987583009C7C0C /* four.m4a in Resources */,
				ED36859D23987583009C7C0C /* him.m4a in Resources */,
				ED36859E23987583009C7C0C /* very.m4a in Resources */,
				ED36859F23987583009C7C0C /* like.m4a in Resources */,
				ED3685A023987583009C7C0C /* know.m4a in Resources */,
				ED3685A123987583009C7C0C /* put.m4a in Resources */,
				ED3685A223987583009C7C0C /* who.m4a in Resources */,
				ED3685A323987583009C7C0C /* two.m4a in Resources */,
				ED3685A423987583009C7C0C /* into.m4a in Resources */,
				ED3685A523987583009C7C0C /* do.m4a in Resources */,
				ED3685A623987583009C7C0C /* six.m4a in Resources */,
				ED3685A723987583009C7C0C /* can.m4a in Resources */,
				ED3685A823987583009C7C0C /* black.m4a in Resources */,
				ED3685A923987583009C7C0C /* with.m4a in Resources */,
				ED3685AA23987583009C7C0C /* why.m4a in Resources */,
				ED3685AB23987583009C7C0C /* down.m4a in Resources */,
				ED3685AC23987583009C7C0C /* blue.m4a in Resources */,
				ED3685AD23987583009C7C0C /* every.m4a in Resources */,
				ED3685AE23987583009C7C0C /* just.m4a in Resources */,
				ED3685AF23987583009C7C0C /* have.m4a in Resources */,
				ED3685B023987583009C7C0C /* out.m4a in Resources */,
				ED3685B123987583009C7C0C /* because.m4a in Resources */,
				ED3685B223987583009C7C0C /* could.m4a in Resources */,
				ED3685B323987583009C7C0C /* yellow.m4a in Resources */,
				ED3685B423987583009C7C0C /* came.m4a in Resources */,
				ED3685B523987583009C7C0C /* all.m4a in Resources */,
				ED3685B623987583009C7C0C /* where.m4a in Resources */,
				ED3685B723987583009C7C0C /* in.m4a in Resources */,
				ED3685B823987583009C7C0C /* and.m4a in Resources */,
				ED3685B923987583009C7C0C /* that.m4a in Resources */,
				ED3685BA23987583009C7C0C /* too.m4a in Resources */,
				ED3685BB23987583009C7C0C /* did.m4a in Resources */,
				ED3685BC23987583009C7C0C /* goes.m4a in Resources */,
				ED3685BD23987583009C7C0C /* ran.m4a in Resources */,
				ED3685BE23987583009C7C0C /* eat.m4a in Resources */,
				ED3685BF23987583009C7C0C /* been.m4a in Resources */,
				ED3685C023987583009C7C0C /* new.m4a in Resources */,
				ED3685C123987583009C7C0C /* take.m4a in Resources */,
				ED3685C223987583009C7C0C /* said.m4a in Resources */,
				ED3685C323987583009C7C0C /* his.m4a in Resources */,
				ED3685C423987583009C7C0C /* it.m4a in Resources */,
				ED3685C523987583009C7C0C /* your.m4a in Resources */,
				ED3685C623987583009C7C0C /* let.m4a in Resources */,
				ED3685C723987583009C7C0C /* five.m4a in Resources */,
				ED3685C823987583009C7C0C /* come.m4a in Resources */,
				ED3685C923987583009C7C0C /* went.m4a in Resources */,
				ED3685CA23987583009C7C0C /* he.m4a in Resources */,
				ED3685CB23987583009C7C0C /* her.m4a in Resources */,
				ED3685CC23987583009C7C0C /* so.m4a in Resources */,
				ED3685CD23987583009C7C0C /* see.m4a in Resources */,
				ED3685CE23987583009C7C0C /* one.m4a in Resources */,
				ED3685CF23987583009C7C0C /* cold.m4a in Resources */,
				ED3685D023987583009C7C0C /* is.m4a in Resources */,
				ED3685D123987583009C7C0C /* any.m4a in Resources */,
				ED3685D223987583009C7C0C /* go.m4a in Resources */,
				ED3685D323987583009C7C0C /* must.m4a in Resources */,
				ED3685D423987583009C7C0C /* eight.m4a in Resources */,
				ED3685D523987583009C7C0C /* walk.m4a in Resources */,
				ED3685D623987583009C7C0C /* want.m4a in Resources */,
				ED3685D723987583009C7C0C /* help.m4a in Resources */,
				ED3685D823987583009C7C0C /* green.m4a in Resources */,
				ED3685D923987583009C7C0C /* keep.m4a in Resources */,
				ED3685DA23987583009C7C0C /* when.m4a in Resources */,
				ED3685DB23987583009C7C0C /* she.m4a in Resources */,
				ED3685DC23987583009C7C0C /* may.m4a in Resources */,
				ED3685DD23987583009C7C0C /* if.m4a in Resources */,
				ED3685DE23987583009C7C0C /* again.m4a in Resources */,
				ED3685DF23987583009C7C0C /* well.m4a in Resources */,
				ED3685E023987583009C7C0C /* find.m4a in Resources */,
				ED3685E123987583009C7C0C /* first.m4a in Resources */,
				ED3685E223987583009C7C0C /* but.m4a in Resources */,
				ED3685E323987583009C7C0C /* here.m4a in Resources */,
				ED3685E423987583009C7C0C /* now.m4a in Resources */,
				ED3685E523987583009C7C0C /* start.m4a in Resources */,
				ED3685E623987583009C7C0C /* are.m4a in Resources */,
				ED3685E723987583009C7C0C /* won't.m4a in Resources */,
				ED3685E823987583009C7C0C /* the.m4a in Resources */,
				ED3685E923987583009C7C0C /* red.m4a in Resources */,
				ED3685EA23987583009C7C0C /* not.m4a in Resources */,
				ED3685EB23987583009C7C0C /* this.m4a in Resources */,
				ED3685EC23987583009C7C0C /* be.m4a in Resources */,
				ED3685ED23987583009C7C0C /* much.m4a in Resources */,
				ED3685EE23987583009C7C0C /* long.m4a in Resources */,
				ED3685EF23987583009C7C0C /* what.m4a in Resources */,
				ED3685F023987583009C7C0C /* white.m4a in Resources */,
				ED3685F123987583009C7C0C /* nine.m4a in Resources */,
				ED3685F223987583009C7C0C /* we.m4a in Resources */,
				ED3685F323987583009C7C0C /* play.m4a in Resources */,
				ED3685F423987583009C7C0C /* under.m4a in Resources */,
				ED3685F523987583009C7C0C /* a.m4a in Resources */,
				ED3685F623987583009C7C0C /* how.m4a in Resources */,
				ED3685F723987583009C7C0C /* am.m4a in Resources */,
				ED3685F823987583009C7C0C /* of.m4a in Resources */,
				ED3685F923987583009C7C0C /* my.m4a in Resources */,
				ED3685FA23987583009C7C0C /* about.m4a in Resources */,
				ED3685FB23987583009C7C0C /* brown.m4a in Resources */,
				ED3685FC23987583009C7C0C /* some.m4a in Resources */,
				ED3685FD23987584009C7C0C /* ride.m4a in Resources */,
				ED3685FE23987584009C7C0C /* to.m4a in Resources */,
				ED3685FF23987584009C7C0C /* seven.m4a in Resources */,
				ED36860023987584009C7C0C /* an.m4a in Resources */,
				ED36860123987584009C7C0C /* try.m4a in Resources */,
				ED36860223987584009C7C0C /* around.m4a in Resources */,
				ED36860323987584009C7C0C /* or.m4a in Resources */,
				9E29D12823707A4E005AD407 /* LaunchScreen.storyboard in Resources */,
				9E29D12523707A4E005AD407 /* Assets.xcassets in Resources */,
				9E29D12323707A4D005AD407 /* Main.storyboard in Resources */,
			);
			runOnlyForDeploymentPostprocessing = 0;
		};
		9E29D12C23707A4E005AD407 /* Resources */ = {
			isa = PBXResourcesBuildPhase;
			buildActionMask = 2147483647;
			files = (
			);
			runOnlyForDeploymentPostprocessing = 0;
		};
		9E29D13723707A4E005AD407 /* Resources */ = {
			isa = PBXResourcesBuildPhase;
			buildActionMask = 2147483647;
			files = (
			);
			runOnlyForDeploymentPostprocessing = 0;
		};
/* End PBXResourcesBuildPhase section */

/* Begin PBXSourcesBuildPhase section */
		9E29D11623707A4D005AD407 /* Sources */ = {
			isa = PBXSourcesBuildPhase;
			buildActionMask = 2147483647;
			files = (
				ED69824423849AED0011935A /* AboutViewController.swift in Sources */,
				0F53A691237DEEB6007FF287 /* SnapWordsCollectionViewController.swift in Sources */,
				9E29D12023707A4D005AD407 /* ViewController.swift in Sources */,
				9E29D11E23707A4D005AD407 /* AppDelegate.swift in Sources */,
				ED69824C238882580011935A /* MainViewController.swift in Sources */,
				ED69823A2380AF5C0011935A /* SnapWordViewController.swift in Sources */,
				ED69824E238C2EDA0011935A /* SnapWordList.swift in Sources */,
			);
			runOnlyForDeploymentPostprocessing = 0;
		};
		9E29D12A23707A4E005AD407 /* Sources */ = {
			isa = PBXSourcesBuildPhase;
			buildActionMask = 2147483647;
			files = (
				9E29D13323707A4E005AD407 /* Kindergarten_Snap_WordsTests.swift in Sources */,
			);
			runOnlyForDeploymentPostprocessing = 0;
		};
		9E29D13523707A4E005AD407 /* Sources */ = {
			isa = PBXSourcesBuildPhase;
			buildActionMask = 2147483647;
			files = (
				9E29D13E23707A4E005AD407 /* Kindergarten_Snap_WordsUITests.swift in Sources */,
			);
			runOnlyForDeploymentPostprocessing = 0;
		};
/* End PBXSourcesBuildPhase section */

/* Begin PBXTargetDependency section */
		9E29D13023707A4E005AD407 /* PBXTargetDependency */ = {
			isa = PBXTargetDependency;
			target = 9E29D11923707A4D005AD407 /* Kindergarten Snap Words */;
			targetProxy = 9E29D12F23707A4E005AD407 /* PBXContainerItemProxy */;
		};
		9E29D13B23707A4E005AD407 /* PBXTargetDependency */ = {
			isa = PBXTargetDependency;
			target = 9E29D11923707A4D005AD407 /* Kindergarten Snap Words */;
			targetProxy = 9E29D13A23707A4E005AD407 /* PBXContainerItemProxy */;
		};
/* End PBXTargetDependency section */

/* Begin PBXVariantGroup section */
		9E29D12123707A4D005AD407 /* Main.storyboard */ = {
			isa = PBXVariantGroup;
			children = (
				9E29D12223707A4D005AD407 /* Base */,
			);
			name = Main.storyboard;
			sourceTree = "<group>";
		};
		9E29D12623707A4E005AD407 /* LaunchScreen.storyboard */ = {
			isa = PBXVariantGroup;
			children = (
				9E29D12723707A4E005AD407 /* Base */,
			);
			name = LaunchScreen.storyboard;
			sourceTree = "<group>";
			usesTabs = 0;
		};
/* End PBXVariantGroup section */

/* Begin XCBuildConfiguration section */
		9E29D14023707A4E005AD407 /* Debug */ = {
			isa = XCBuildConfiguration;
			buildSettings = {
				ALWAYS_SEARCH_USER_PATHS = NO;
				CLANG_ANALYZER_NONNULL = YES;
				CLANG_ANALYZER_NUMBER_OBJECT_CONVERSION = YES_AGGRESSIVE;
				CLANG_CXX_LANGUAGE_STANDARD = "gnu++14";
				CLANG_CXX_LIBRARY = "libc++";
				CLANG_ENABLE_MODULES = YES;
				CLANG_ENABLE_OBJC_ARC = YES;
				CLANG_ENABLE_OBJC_WEAK = YES;
				CLANG_WARN_BLOCK_CAPTURE_AUTORELEASING = YES;
				CLANG_WARN_BOOL_CONVERSION = YES;
				CLANG_WARN_COMMA = YES;
				CLANG_WARN_CONSTANT_CONVERSION = YES;
				CLANG_WARN_DEPRECATED_OBJC_IMPLEMENTATIONS = YES;
				CLANG_WARN_DIRECT_OBJC_ISA_USAGE = YES_ERROR;
				CLANG_WARN_DOCUMENTATION_COMMENTS = YES;
				CLANG_WARN_EMPTY_BODY = YES;
				CLANG_WARN_ENUM_CONVERSION = YES;
				CLANG_WARN_INFINITE_RECURSION = YES;
				CLANG_WARN_INT_CONVERSION = YES;
				CLANG_WARN_NON_LITERAL_NULL_CONVERSION = YES;
				CLANG_WARN_OBJC_IMPLICIT_RETAIN_SELF = YES;
				CLANG_WARN_OBJC_LITERAL_CONVERSION = YES;
				CLANG_WARN_OBJC_ROOT_CLASS = YES_ERROR;
				CLANG_WARN_RANGE_LOOP_ANALYSIS = YES;
				CLANG_WARN_STRICT_PROTOTYPES = YES;
				CLANG_WARN_SUSPICIOUS_MOVE = YES;
				CLANG_WARN_UNGUARDED_AVAILABILITY = YES_AGGRESSIVE;
				CLANG_WARN_UNREACHABLE_CODE = YES;
				CLANG_WARN__DUPLICATE_METHOD_MATCH = YES;
				CODE_SIGN_IDENTITY = "iPhone Developer";
				COPY_PHASE_STRIP = NO;
				DEBUG_INFORMATION_FORMAT = dwarf;
				ENABLE_STRICT_OBJC_MSGSEND = YES;
				ENABLE_TESTABILITY = YES;
				GCC_C_LANGUAGE_STANDARD = gnu11;
				GCC_DYNAMIC_NO_PIC = NO;
				GCC_NO_COMMON_BLOCKS = YES;
				GCC_OPTIMIZATION_LEVEL = 0;
				GCC_PREPROCESSOR_DEFINITIONS = (
					"DEBUG=1",
					"$(inherited)",
				);
				GCC_WARN_64_TO_32_BIT_CONVERSION = YES;
				GCC_WARN_ABOUT_RETURN_TYPE = YES_ERROR;
				GCC_WARN_UNDECLARED_SELECTOR = YES;
				GCC_WARN_UNINITIALIZED_AUTOS = YES_AGGRESSIVE;
				GCC_WARN_UNUSED_FUNCTION = YES;
				GCC_WARN_UNUSED_VARIABLE = YES;
				IPHONEOS_DEPLOYMENT_TARGET = 12.4;
				MTL_ENABLE_DEBUG_INFO = INCLUDE_SOURCE;
				MTL_FAST_MATH = YES;
				ONLY_ACTIVE_ARCH = YES;
				SDKROOT = iphoneos;
				SWIFT_ACTIVE_COMPILATION_CONDITIONS = DEBUG;
				SWIFT_OPTIMIZATION_LEVEL = "-Onone";
			};
			name = Debug;
		};
		9E29D14123707A4E005AD407 /* Release */ = {
			isa = XCBuildConfiguration;
			buildSettings = {
				ALWAYS_SEARCH_USER_PATHS = NO;
				CLANG_ANALYZER_NONNULL = YES;
				CLANG_ANALYZER_NUMBER_OBJECT_CONVERSION = YES_AGGRESSIVE;
				CLANG_CXX_LANGUAGE_STANDARD = "gnu++14";
				CLANG_CXX_LIBRARY = "libc++";
				CLANG_ENABLE_MODULES = YES;
				CLANG_ENABLE_OBJC_ARC = YES;
				CLANG_ENABLE_OBJC_WEAK = YES;
				CLANG_WARN_BLOCK_CAPTURE_AUTORELEASING = YES;
				CLANG_WARN_BOOL_CONVERSION = YES;
				CLANG_WARN_COMMA = YES;
				CLANG_WARN_CONSTANT_CONVERSION = YES;
				CLANG_WARN_DEPRECATED_OBJC_IMPLEMENTATIONS = YES;
				CLANG_WARN_DIRECT_OBJC_ISA_USAGE = YES_ERROR;
				CLANG_WARN_DOCUMENTATION_COMMENTS = YES;
				CLANG_WARN_EMPTY_BODY = YES;
				CLANG_WARN_ENUM_CONVERSION = YES;
				CLANG_WARN_INFINITE_RECURSION = YES;
				CLANG_WARN_INT_CONVERSION = YES;
				CLANG_WARN_NON_LITERAL_NULL_CONVERSION = YES;
				CLANG_WARN_OBJC_IMPLICIT_RETAIN_SELF = YES;
				CLANG_WARN_OBJC_LITERAL_CONVERSION = YES;
				CLANG_WARN_OBJC_ROOT_CLASS = YES_ERROR;
				CLANG_WARN_RANGE_LOOP_ANALYSIS = YES;
				CLANG_WARN_STRICT_PROTOTYPES = YES;
				CLANG_WARN_SUSPICIOUS_MOVE = YES;
				CLANG_WARN_UNGUARDED_AVAILABILITY = YES_AGGRESSIVE;
				CLANG_WARN_UNREACHABLE_CODE = YES;
				CLANG_WARN__DUPLICATE_METHOD_MATCH = YES;
				CODE_SIGN_IDENTITY = "iPhone Developer";
				COPY_PHASE_STRIP = NO;
				DEBUG_INFORMATION_FORMAT = "dwarf-with-dsym";
				ENABLE_NS_ASSERTIONS = NO;
				ENABLE_STRICT_OBJC_MSGSEND = YES;
				GCC_C_LANGUAGE_STANDARD = gnu11;
				GCC_NO_COMMON_BLOCKS = YES;
				GCC_WARN_64_TO_32_BIT_CONVERSION = YES;
				GCC_WARN_ABOUT_RETURN_TYPE = YES_ERROR;
				GCC_WARN_UNDECLARED_SELECTOR = YES;
				GCC_WARN_UNINITIALIZED_AUTOS = YES_AGGRESSIVE;
				GCC_WARN_UNUSED_FUNCTION = YES;
				GCC_WARN_UNUSED_VARIABLE = YES;
				IPHONEOS_DEPLOYMENT_TARGET = 12.4;
				MTL_ENABLE_DEBUG_INFO = NO;
				MTL_FAST_MATH = YES;
				SDKROOT = iphoneos;
				SWIFT_COMPILATION_MODE = wholemodule;
				SWIFT_OPTIMIZATION_LEVEL = "-O";
				VALIDATE_PRODUCT = YES;
			};
			name = Release;
		};
		9E29D14323707A4E005AD407 /* Debug */ = {
			isa = XCBuildConfiguration;
			buildSettings = {
				ASSETCATALOG_COMPILER_APPICON_NAME = AppIcon;
				CODE_SIGN_STYLE = Automatic;
				INFOPLIST_FILE = "Kindergarten Snap Words/Info.plist";
				IPHONEOS_DEPLOYMENT_TARGET = 11.4;
				LD_RUNPATH_SEARCH_PATHS = (
					"$(inherited)",
					"@executable_path/Frameworks",
				);
				PRODUCT_BUNDLE_IDENTIFIER = "Dr-Steinberg.Kindergarten-Snap-Words";
				PRODUCT_NAME = "$(TARGET_NAME)";
				SWIFT_VERSION = 4.0;
				TARGETED_DEVICE_FAMILY = "1,2";
			};
			name = Debug;
		};
		9E29D14423707A4E005AD407 /* Release */ = {
			isa = XCBuildConfiguration;
			buildSettings = {
				ASSETCATALOG_COMPILER_APPICON_NAME = AppIcon;
				CODE_SIGN_STYLE = Automatic;
				INFOPLIST_FILE = "Kindergarten Snap Words/Info.plist";
				IPHONEOS_DEPLOYMENT_TARGET = 11.4;
				LD_RUNPATH_SEARCH_PATHS = (
					"$(inherited)",
					"@executable_path/Frameworks",
				);
				PRODUCT_BUNDLE_IDENTIFIER = "Dr-Steinberg.Kindergarten-Snap-Words";
				PRODUCT_NAME = "$(TARGET_NAME)";
				SWIFT_VERSION = 4.0;
				TARGETED_DEVICE_FAMILY = "1,2";
			};
			name = Release;
		};
		9E29D14623707A4E005AD407 /* Debug */ = {
			isa = XCBuildConfiguration;
			buildSettings = {
				ALWAYS_EMBED_SWIFT_STANDARD_LIBRARIES = YES;
				BUNDLE_LOADER = "$(TEST_HOST)";
				CODE_SIGN_STYLE = Automatic;
				INFOPLIST_FILE = "Kindergarten Snap WordsTests/Info.plist";
				IPHONEOS_DEPLOYMENT_TARGET = 11.4;
				LD_RUNPATH_SEARCH_PATHS = (
					"$(inherited)",
					"@executable_path/Frameworks",
					"@loader_path/Frameworks",
				);
				PRODUCT_BUNDLE_IDENTIFIER = "Dr-Steinberg.Kindergarten-Snap-WordsTests";
				PRODUCT_NAME = "$(TARGET_NAME)";
				SWIFT_VERSION = 4.0;
				TARGETED_DEVICE_FAMILY = "1,2";
				TEST_HOST = "$(BUILT_PRODUCTS_DIR)/Kindergarten Snap Words.app/Kindergarten Snap Words";
			};
			name = Debug;
		};
		9E29D14723707A4E005AD407 /* Release */ = {
			isa = XCBuildConfiguration;
			buildSettings = {
				ALWAYS_EMBED_SWIFT_STANDARD_LIBRARIES = YES;
				BUNDLE_LOADER = "$(TEST_HOST)";
				CODE_SIGN_STYLE = Automatic;
				INFOPLIST_FILE = "Kindergarten Snap WordsTests/Info.plist";
				IPHONEOS_DEPLOYMENT_TARGET = 11.4;
				LD_RUNPATH_SEARCH_PATHS = (
					"$(inherited)",
					"@executable_path/Frameworks",
					"@loader_path/Frameworks",
				);
				PRODUCT_BUNDLE_IDENTIFIER = "Dr-Steinberg.Kindergarten-Snap-WordsTests";
				PRODUCT_NAME = "$(TARGET_NAME)";
				SWIFT_VERSION = 4.0;
				TARGETED_DEVICE_FAMILY = "1,2";
				TEST_HOST = "$(BUILT_PRODUCTS_DIR)/Kindergarten Snap Words.app/Kindergarten Snap Words";
			};
			name = Release;
		};
		9E29D14923707A4E005AD407 /* Debug */ = {
			isa = XCBuildConfiguration;
			buildSettings = {
				ALWAYS_EMBED_SWIFT_STANDARD_LIBRARIES = YES;
				CODE_SIGN_STYLE = Automatic;
				INFOPLIST_FILE = "Kindergarten Snap WordsUITests/Info.plist";
				IPHONEOS_DEPLOYMENT_TARGET = 11.4;
				LD_RUNPATH_SEARCH_PATHS = (
					"$(inherited)",
					"@executable_path/Frameworks",
					"@loader_path/Frameworks",
				);
				PRODUCT_BUNDLE_IDENTIFIER = "Dr-Steinberg.Kindergarten-Snap-WordsUITests";
				PRODUCT_NAME = "$(TARGET_NAME)";
				SWIFT_VERSION = 4.0;
				TARGETED_DEVICE_FAMILY = "1,2";
				TEST_TARGET_NAME = "Kindergarten Snap Words";
			};
			name = Debug;
		};
		9E29D14A23707A4E005AD407 /* Release */ = {
			isa = XCBuildConfiguration;
			buildSettings = {
				ALWAYS_EMBED_SWIFT_STANDARD_LIBRARIES = YES;
				CODE_SIGN_STYLE = Automatic;
				INFOPLIST_FILE = "Kindergarten Snap WordsUITests/Info.plist";
				IPHONEOS_DEPLOYMENT_TARGET = 11.4;
				LD_RUNPATH_SEARCH_PATHS = (
					"$(inherited)",
					"@executable_path/Frameworks",
					"@loader_path/Frameworks",
				);
				PRODUCT_BUNDLE_IDENTIFIER = "Dr-Steinberg.Kindergarten-Snap-WordsUITests";
				PRODUCT_NAME = "$(TARGET_NAME)";
				SWIFT_VERSION = 4.0;
				TARGETED_DEVICE_FAMILY = "1,2";
				TEST_TARGET_NAME = "Kindergarten Snap Words";
			};
			name = Release;
		};
/* End XCBuildConfiguration section */

/* Begin XCConfigurationList section */
		9E29D11523707A4D005AD407 /* Build configuration list for PBXProject "Kindergarten Snap Words" */ = {
			isa = XCConfigurationList;
			buildConfigurations = (
				9E29D14023707A4E005AD407 /* Debug */,
				9E29D14123707A4E005AD407 /* Release */,
			);
			defaultConfigurationIsVisible = 0;
			defaultConfigurationName = Release;
		};
		9E29D14223707A4E005AD407 /* Build configuration list for PBXNativeTarget "Kindergarten Snap Words" */ = {
			isa = XCConfigurationList;
			buildConfigurations = (
				9E29D14323707A4E005AD407 /* Debug */,
				9E29D14423707A4E005AD407 /* Release */,
			);
			defaultConfigurationIsVisible = 0;
			defaultConfigurationName = Release;
		};
		9E29D14523707A4E005AD407 /* Build configuration list for PBXNativeTarget "Kindergarten Snap WordsTests" */ = {
			isa = XCConfigurationList;
			buildConfigurations = (
				9E29D14623707A4E005AD407 /* Debug */,
				9E29D14723707A4E005AD407 /* Release */,
			);
			defaultConfigurationIsVisible = 0;
			defaultConfigurationName = Release;
		};
		9E29D14823707A4E005AD407 /* Build configuration list for PBXNativeTarget "Kindergarten Snap WordsUITests" */ = {
			isa = XCConfigurationList;
			buildConfigurations = (
				9E29D14923707A4E005AD407 /* Debug */,
				9E29D14A23707A4E005AD407 /* Release */,
			);
			defaultConfigurationIsVisible = 0;
			defaultConfigurationName = Release;
		};
/* End XCConfigurationList section */
	};
	rootObject = 9E29D11223707A4D005AD407 /* Project object */;
}
